{
  "version": 2,
  "dependencies": {
    "net10.0": {
      "Nethereum.JsonRpc.Client": {
        "type": "Direct",
        "requested": "[6.0.1, )",
        "resolved": "6.0.1",
        "contentHash": "8og4OLFpPOihIMPGY/ZyiScj6vb3c+OeIdT7FO5J7TOfb/uGOmMAjuq6O+76RhLLhxDPnU59wIiByXgq35zclg==",
        "dependencies": {
          "Nethereum.Hex": "6.0.1",
          "Newtonsoft.Json": "[11.0.2, 14.0.0)"
        }
      },
      "Nethereum.JsonRpc.RpcClient": {
        "type": "Direct",
        "requested": "[6.0.1, )",
        "resolved": "6.0.1",
        "contentHash": "fp1LZT7bsCFTdbohmrWp+f/kMl8jamqlg5lDj1yf2FAAJF0iklNNaFzp8DLP87sC9ZUFObVmV47GDBo2RxpCUw==",
        "dependencies": {
          "Nethereum.JsonRpc.Client": "6.0.1",
          "Newtonsoft.Json": "[11.0.2, 14.0.0)"
        }
      },
      "Nethereum.JsonRpc.WebSocketClient": {
        "type": "Direct",
        "requested": "[6.0.1, )",
        "resolved": "6.0.1",
        "contentHash": "wZWSD4ZO4BRQyIuO0aiSZ8gyxDZKvRmKF2hK5Xj5cM+5J3LN20cciqMKlb4Gxi7O9iVMblCLocZi0aO94pvhGA==",
        "dependencies": {
          "Nethereum.JsonRpc.Client": "6.0.1",
          "Newtonsoft.Json": "[11.0.2, 14.0.0)"
        }
      },
      "Nethereum.RPC.Reactive": {
        "type": "Direct",
        "requested": "[6.0.1, )",
        "resolved": "6.0.1",
        "contentHash": "f2lQfD2UsQ+hb9uTsYiExAvFYiIv8+uCIkX3LmDozwzqpI1p95WSRALx2BBBZwET7ZR6Iyk9obnAVZiv0E2zcA==",
        "dependencies": {
          "Nethereum.RPC": "6.0.1",
          "Newtonsoft.Json": "[11.0.2, 14.0.0)",
          "System.Reactive": "4.1.3"
        }
      },
      "Nethereum.Web3": {
        "type": "Direct",
        "requested": "[6.0.1, )",
        "resolved": "6.0.1",
        "contentHash": "knYumLsNrJiAsHqG7tfC76DFh9g3u25zNR3VPP6R0H8gGtbUMLcmScR9EYAMx6GV8md4beWuI2ORJN5bJ9x8wg==",
        "dependencies": {
          "Nethereum.ABI": "6.0.1",
          "Nethereum.Accounts": "6.0.1",
          "Nethereum.BlockchainProcessing": "6.0.1",
          "Nethereum.Contracts": "6.0.1",
          "Nethereum.Hex": "6.0.1",
          "Nethereum.JsonRpc.RpcClient": "6.0.1",
          "Nethereum.KeyStore": "6.0.1",
          "Nethereum.RPC": "6.0.1",
          "Nethereum.Signer": "6.0.1",
          "Nethereum.Util": "6.0.1",
          "Newtonsoft.Json": "[11.0.2, 14.0.0)"
        }
      },
      "Polly": {
        "type": "Direct",
        "requested": "[8.6.6, )",
        "resolved": "8.6.6",
        "contentHash": "czKHYJ6uGowPijuZt4kgF4njfGvWxVZ8mKBcrZ9iEtwDe9HKdF0ug6p6TwUG8EHuuufgbDU//rSBFebt5/0Fyw==",
        "dependencies": {
          "Polly.Core": "8.6.6"
        }
      },
      "StyleCop.Analyzers": {
        "type": "Direct",
        "requested": "[1.1.118, )",
        "resolved": "1.1.118",
        "contentHash": "Onx6ovGSqXSK07n/0eM3ZusiNdB6cIlJdabQhWGgJp3Vooy9AaLS/tigeybOJAobqbtggTamoWndz72JscZBvw=="
      },
      "ADRaffy.ENSNormalize": {
        "type": "Transitive",
        "resolved": "0.3.1",
        "contentHash": "iv/gGQYoEr0BjT6sB/q9yDyktA+h6JW3fInVJwey89kd3tn/CSYWhhTrS8G20wwcyNtln/DA4Te4W0SC+/GHGw=="
      },
      "BouncyCastle.Cryptography": {
        "type": "Transitive",
        "resolved": "2.5.1",
        "contentHash": "zy8TMeTP+1FH2NrLaNZtdRbBdq7u5MI+NFZQOBSM69u5RFkciinwzV2eveY6Kjf5MzgsYvvl6kTStsj3JrXqkg=="
      },
      "Mapster.Core": {
        "type": "Transitive",
        "resolved": "1.2.1",
        "contentHash": "11lokmfliBEMMmjeqxFGNpqGXq6tN96zFqpBmfYeahr4Ybk63oDmeJmOflsATjobYkX248g5Y62oQ2NNnZaeww=="
      },
      "Microsoft.AspNetCore.JsonPatch": {
        "type": "Transitive",
        "resolved": "10.0.5",
        "contentHash": "ODGomRlmt8/mFAqVyD9MgE4fXNkO6qDNeKuvmqNDuKjOL2UOkh/wJK0gEXS5VcViHFs+uQKOXD5xoTg1/ouKtA==",
        "dependencies": {
          "Newtonsoft.Json": "13.0.3"
        }
      },
      "Microsoft.AspNetCore.Mvc.Versioning": {
        "type": "Transitive",
        "resolved": "5.1.0",
        "contentHash": "UX8w9BlCiZpr6Ox4YAve1w0CkI1CAovukGNzKd7v0+5pZc8lzuG5tRovucr1RWIKHs0E/Yx8563CN7KzaB3bpw=="
      },
      "Microsoft.Bcl.AsyncInterfaces": {
        "type": "Transitive",
        "resolved": "8.0.0",
        "contentHash": "3WA9q9yVqJp222P3x1wYIGDAkpjAku0TMUaaQV22g6L67AI0LdOIrVS7Ht2vJfLHGSPVuqN94vIr15qn+HEkHw=="
      },
      "Microsoft.Extensions.ApiDescription.Server": {
        "type": "Transitive",
        "resolved": "10.0.0",
        "contentHash": "NCWCGiwRwje8773yzPQhvucYnnfeR+ZoB1VRIrIMp4uaeUNw7jvEPHij3HIbwCDuNCrNcphA00KSAR9yD9qmbg=="
      },
      "Microsoft.Extensions.DependencyModel": {
        "type": "Transitive",
        "resolved": "10.0.0",
        "contentHash": "RFYJR7APio/BiqdQunRq6DB+nDB6nc2qhHr77mlvZ0q0BT8PubMXN7XicmfzCbrDE/dzhBnUKBRXLTcqUiZDGg=="
      },
      "Microsoft.OData.Edm": {
        "type": "Transitive",
        "resolved": "8.4.3",
        "contentHash": "u8FarteJLKNYagsOvOxvhZtSKEcC00CID6GY6RkBYAaff1z0nYZe94XAUqwbXSJSSx39wBa1F8BboUBk+gAxjQ=="
      },
      "Microsoft.OData.ModelBuilder": {
        "type": "Transitive",
        "resolved": "2.0.0",
        "contentHash": "QzySAMGhLCMyLNHSTIYKFjJXetoDeGkRS/7JEjm7eMJlyu1Qv4MfL1CXQFg2uijizNu2jQojT0mdCpawXbyv8Q==",
        "dependencies": {
          "Microsoft.OData.Edm": "[8.0.0, 9.0.0)",
          "Microsoft.Spatial": "[8.0.0, 9.0.0)",
          "System.ComponentModel.Annotations": "4.6.0"
        }
      },
      "Microsoft.OpenApi": {
        "type": "Transitive",
        "resolved": "2.4.1",
        "contentHash": "u7QhXCISMQuab3flasb1hoaiERmUqyWsW7tmQODyILoQ7mJV5IRGM+2KKZYo0QUfC13evEOcHAb6TPWgqEQtrw=="
      },
      "Microsoft.Spatial": {
        "type": "Transitive",
        "resolved": "8.4.3",
        "contentHash": "+HjBpfUSS6pxC607cz6BAW1w6bxpTjurZ7x0Chvjcksg2eXPyj5BMPla068zAn/ZZtpIDaaNFNDyUcJ3kQkUfA=="
      },
      "NATS.Client.Abstractions": {
        "type": "Transitive",
        "resolved": "2.7.3",
        "contentHash": "aaSIUTsCGOWi4McMx8HQlx7+GuL9f0pQI4CDlSl/b7+XOd7O5qUyjnBq8Rek+ejfrbQr3hMqaAn2dm7UyKNvNg=="
      },
      "NATS.Client.Hosting": {
        "type": "Transitive",
        "resolved": "2.7.3",
        "contentHash": "Ojf4JZJ2toSq1mWxRep286aF+xpqJPOXrnuhNO/agEscsNjm0Qmh1UD4l1l9KOZWN5WLiahOomjyRGbUeaNj9g==",
        "dependencies": {
          "NATS.Client.Core": "2.7.3"
        }
      },
      "NATS.Client.ObjectStore": {
        "type": "Transitive",
        "resolved": "2.7.3",
        "contentHash": "2YhKjvqpnmAg+sPPpVkWTQGK94IwuKITeuLgFVD9eARAqXU8dxIbUEcpAbvMYBaHmakDg14n8vqQbMZAp1FjIw==",
        "dependencies": {
          "NATS.Client.JetStream": "2.7.3"
        }
      },
      "NATS.Client.Serializers.Json": {
        "type": "Transitive",
        "resolved": "2.7.3",
        "contentHash": "DFVi6cd7O/ZtZj+d4tvC+Jc+uICgqSGhsYgGZstMn1e5P0FoK1v43eLcNNi0NAsaiOfJDFQZqKiDlQ22ZvXgRQ==",
        "dependencies": {
          "NATS.Client.Abstractions": "2.7.3"
        }
      },
      "NATS.Client.Services": {
        "type": "Transitive",
        "resolved": "2.7.3",
        "contentHash": "VzoYQx4LWN3OSnGWEEcdW+ao/0bT/qPD3fWt34m8RJhMIA3CLbXOrAVlTLueUghb6+WwE/8x3IXTCeJx2oHl9w==",
        "dependencies": {
          "NATS.Client.Core": "2.7.3"
        }
      },
      "NATS.Client.Simplified": {
        "type": "Transitive",
        "resolved": "2.7.3",
        "contentHash": "v4SFCsElJ0WQFTyPCiBK2u9auTN47+0w8WRqZvCVeGH6aatBL63ZEx2CBHnnzKISn6zthhEOqY2LwNOoUd8Vng==",
        "dependencies": {
          "NATS.Client.Core": "2.7.3",
          "NATS.Client.Serializers.Json": "2.7.3"
        }
      },
      "NBitcoin.Secp256k1": {
        "type": "Transitive",
        "resolved": "3.1.1",
        "contentHash": "ekF91qDK2+TI9FFhXvjClfUOQ3DWxNhvjh8Eoqawk1KPk/hCURpc8xoyeprtAiIoM5wgPnWeFxQybVWhl2NsHA=="
      },
      "Nethereum.ABI": {
        "type": "Transitive",
        "resolved": "6.0.1",
        "contentHash": "MzL4InkbtYDcaPjjivMXQmGBk/7Uvnp5UR++a1nNrffIZZ3lM9SaDWX1GKBIZSGYgbWuPQvTxddHkdk3ViBYvw==",
        "dependencies": {
          "Nethereum.Hex": "6.0.1",
          "Nethereum.Util": "6.0.1",
          "Newtonsoft.Json": "[11.0.2, 14.0.0)"
        }
      },
      "Nethereum.Accounts": {
        "type": "Transitive",
        "resolved": "6.0.1",
        "contentHash": "APKkwmZFvHfNY/AeBoyL9TrarSNdMIsP+IizgFGHD4ZB5t0Plloh09nKIoA8NSEhjVtWVMrMNdrnn/C0wiaujA==",
        "dependencies": {
          "Nethereum.KeyStore": "6.0.1",
          "Nethereum.RPC": "6.0.1",
          "Nethereum.Signer": "6.0.1",
          "Nethereum.Signer.EIP712": "6.0.1",
          "Nethereum.Util": "6.0.1",
          "Newtonsoft.Json": "[11.0.2, 14.0.0)"
        }
      },
      "Nethereum.BlockchainProcessing": {
        "type": "Transitive",
        "resolved": "6.0.1",
        "contentHash": "poxQHzNFyqKj3elHOn5R3qwNZ3S6SG0trUza8V3wc/PFFnHF9QJCtVWxpjD1E4KVN0ZYcGCTlSITZDG+SKrdxQ==",
        "dependencies": {
          "Nethereum.Contracts": "6.0.1",
          "Nethereum.Hex": "6.0.1",
          "Nethereum.JsonRpc.RpcClient": "6.0.1",
          "Nethereum.RPC": "6.0.1",
          "Nethereum.Util": "6.0.1",
          "Newtonsoft.Json": "[11.0.2, 14.0.0)"
        }
      },
      "Nethereum.Contracts": {
        "type": "Transitive",
        "resolved": "6.0.1",
        "contentHash": "lwALL5Ld9InMca2Se/yRCP9gvl+WBH1fstw7GcWKO49fnEXkHAzpm2FMUGCZbRMxPGJ37WihhF9lqFEXQ62PCQ==",
        "dependencies": {
          "ADRaffy.ENSNormalize": "0.3.1",
          "Nethereum.ABI": "6.0.1",
          "Nethereum.Hex": "6.0.1",
          "Nethereum.RPC": "6.0.1",
          "Nethereum.Util.Rest": "6.0.1",
          "Newtonsoft.Json": "[11.0.2, 14.0.0)"
        }
      },
      "Nethereum.Hex": {
        "type": "Transitive",
        "resolved": "6.0.1",
        "contentHash": "jVN+85vgcZP2sFCF+E/ZcbkAkfmRt8Ey2n7jGcZMnX6YoDGNWZ0d2aSJGxLS45D/6inzazEWJLHtu+rQlN7OaQ==",
        "dependencies": {
          "Newtonsoft.Json": "[11.0.2, 14.0.0)"
        }
      },
      "Nethereum.KeyStore": {
        "type": "Transitive",
        "resolved": "6.0.1",
        "contentHash": "Fhy1ysatjITx6Yz7M4+GWSDIx6R99mmH7Zj3BY5Wkhq6Z8FNn1aRHaFquYgIH3JVu5UeDJahfcgbmiw4/m+p8A==",
        "dependencies": {
          "BouncyCastle.Cryptography": "[2.5.1, 3.0.0)",
          "Nethereum.Hex": "6.0.1",
          "Newtonsoft.Json": "[11.0.2, 14.0.0)"
        }
      },
      "Nethereum.Merkle.Patricia": {
        "type": "Transitive",
        "resolved": "6.0.1",
        "contentHash": "5xyb7/WZh4WFjNhYJwEjzoxISciectd7z1r6RzRdZ+04fkkcoaZfKrFhn/ZV4IHaJ3/UieV8k6GM2VWmLGJWXg==",
        "dependencies": {
          "Nethereum.Model": "6.0.1",
          "Nethereum.RLP": "6.0.1",
          "Newtonsoft.Json": "[11.0.2, 14.0.0)"
        }
      },
      "Nethereum.Model": {
        "type": "Transitive",
        "resolved": "6.0.1",
        "contentHash": "x74VxWBPCc53bx11H7F1RXEXn2sH1zbG0RRYQQGlH+slN9GF3li8Hquu6lnFlgIaWpvEorVLgcDmXXYghpTIfg==",
        "dependencies": {
          "Nethereum.RLP": "6.0.1",
          "Nethereum.Util": "6.0.1",
          "Newtonsoft.Json": "[11.0.2, 14.0.0)"
        }
      },
      "Nethereum.RLP": {
        "type": "Transitive",
        "resolved": "6.0.1",
        "contentHash": "dLnX1WHvl/ijwqtz2XkCtCnOpP7FNtMWGDbuq5LhTYphX+mE6cB1VPijYSBqFobQM3WWaCbJda0f1ojSMw7Pig==",
        "dependencies": {
          "Nethereum.Hex": "6.0.1",
          "Newtonsoft.Json": "[11.0.2, 14.0.0)"
        }
      },
      "Nethereum.Signer": {
        "type": "Transitive",
        "resolved": "6.0.1",
        "contentHash": "DgS+15VP4oWFT0FFh5EUpIqXVaCB4jjO5ZVLaMqIkqfOt6Xp+0TD2WsJJovIWZQv80yCTnhRTA1QBA25sOsT5g==",
        "dependencies": {
          "BouncyCastle.Cryptography": "[2.5.1, 3.0.0)",
          "NBitcoin.Secp256k1": "3.1.1",
          "Nethereum.ABI": "6.0.1",
          "Nethereum.Hex": "6.0.1",
          "Nethereum.Model": "6.0.1",
          "Nethereum.RLP": "6.0.1",
          "Nethereum.Util": "6.0.1",
          "Newtonsoft.Json": "[11.0.2, 14.0.0)"
        }
      },
      "Nethereum.Signer.EIP712": {
        "type": "Transitive",
        "resolved": "6.0.1",
        "contentHash": "Q3qowVHE1JT+oEyzX4f+i1cckDaxlS37DtLfMSNx74wtfp+Ztvs8kaFBUkAmXKH/3T2reB2w8tqcHxuJo56fFA==",
        "dependencies": {
          "Nethereum.ABI": "6.0.1",
          "Nethereum.Hex": "6.0.1",
          "Nethereum.Signer": "6.0.1",
          "Nethereum.Util": "6.0.1",
          "Newtonsoft.Json": "[11.0.2, 14.0.0)"
        }
      },
      "Nethereum.Util": {
        "type": "Transitive",
        "resolved": "6.0.1",
        "contentHash": "wcGwyNCeb0FAqcvTr1a7MRVIjQyJUkQKKw54D7T6hgbJz4hQJOAequ797arCLEpI6lSsiwIyuZdoRdpT4RJYNQ==",
        "dependencies": {
          "Nethereum.Hex": "6.0.1",
          "Nethereum.RLP": "6.0.1",
          "Newtonsoft.Json": "[11.0.2, 14.0.0)"
        }
      },
      "Nethereum.Util.Rest": {
        "type": "Transitive",
        "resolved": "6.0.1",
        "contentHash": "CFdQG7qZ2Ir0GJ2uOTpYXZuQ9X+scaqdjyJeZlfqIhJmztJIM/10MahOYoM6kOp0Eu7d04CRpugpWOXt914Jzg==",
        "dependencies": {
          "Newtonsoft.Json": "[11.0.2, 14.0.0)"
        }
      },
      "Newtonsoft.Json.Bson": {
        "type": "Transitive",
        "resolved": "1.0.2",
        "contentHash": "QYFyxhaABwmq3p/21VrZNYvCg3DaEoN/wUuw5nmfAf0X3HLjgupwhkEWdgfb9nvGAUIv3osmZoD3kKl4jxEmYQ==",
        "dependencies": {
          "Newtonsoft.Json": "12.0.1"
        }
      },
      "Polly.Core": {
        "type": "Transitive",
        "resolved": "8.6.6",
        "contentHash": "lCBL9mmhF9TZxHG3beVRkyjlLohkIC464xIAq7J7Y59C+z42hmsdUaeCKl2SIAYertOUU5TeBXyQDLDQGIKePQ=="
      },
      "Serilog.Extensions.Logging": {
        "type": "Transitive",
        "resolved": "10.0.0",
        "contentHash": "vx0kABKl2dWbBhhqAfTOk53/i8aV/5VaT3a6il9gn72Wqs2pM7EK2OB6No6xdqK2IaY6Zf9gdjLuK9BVa2rT+Q==",
        "dependencies": {
          "Serilog": "4.2.0"
        }
      },
      "System.ComponentModel.Annotations": {
        "type": "Transitive",
        "resolved": "4.6.0",
        "contentHash": "pOd+UhZ3X8xfwKDlgAzowUJNjp8VYVmOHZm++vCd0kq1HZ0zK3mNo2yRXjYgv7Ik/Xi43fmJfND2PLEsQSALCg=="
      },
      "System.Reactive": {
        "type": "Transitive",
        "resolved": "4.1.3",
        "contentHash": "f8h852UoSUU7j7LpXJbuC1yXMqjgp4jRPzbOeQ7ClyX9CksVEkYeyhgiSJhzBHpizNNzEAIltJ+9iU2NU92Tew==",
        "dependencies": {
          "System.Runtime.InteropServices.WindowsRuntime": "4.3.0"
        }
      },
      "System.Runtime.InteropServices.WindowsRuntime": {
        "type": "Transitive",
        "resolved": "4.3.0",
        "contentHash": "J4GUi3xZQLUBasNwZnjrffN8i5wpHrBtZoLG+OhRyGo/+YunMRWWtwoMDlUAIdmX0uRfpHIBDSV6zyr3yf00TA=="
      },
      "atria.common": {
        "type": "Project",
        "dependencies": {
          "Atria.Contracts": "[1.0.0, )",
          "Mapster": "[7.4.0, )",
          "Mapster.DependencyInjection": "[1.0.1, )",
          "Microsoft.AspNetCore.OData": "[9.4.1, )",
          "NATS.Client.Core": "[2.7.3, )",
          "NATS.Client.JetStream": "[2.7.3, )",
          "NATS.Client.KeyValueStore": "[2.7.3, )",
          "NATS.Net": "[2.7.3, )",
          "Newtonsoft.Json": "[13.0.4, )"
        }
      },
      "atria.common.web": {
        "type": "Project",
        "dependencies": {
          "Atria.Common": "[1.0.0, )",
          "Microsoft.AspNetCore.Mvc.NewtonsoftJson": "[10.0.5, )",
          "Microsoft.AspNetCore.Mvc.Versioning.ApiExplorer": "[5.1.0, )",
          "Microsoft.AspNetCore.OData.NewtonsoftJson": "[8.2.0, )",
          "Microsoft.AspNetCore.OpenApi": "[10.0.5, )",
          "Serilog": "[4.3.1, )",
          "Serilog.Extensions.Hosting": "[10.0.0, )",
          "Serilog.Settings.Configuration": "[10.0.0, )",
          "Serilog.Sinks.Console": "[6.1.1, )",
          "Swashbuckle.AspNetCore": "[10.1.5, )",
          "Swashbuckle.AspNetCore.Newtonsoft": "[10.1.5, )",
          "Swashbuckle.AspNetCore.Swagger": "[10.1.5, )",
          "Swashbuckle.AspNetCore.SwaggerGen": "[10.1.5, )",
          "Swashbuckle.AspNetCore.SwaggerUI": "[10.1.5, )"
        }
      },
      "atria.common.worker": {
        "type": "Project",
        "dependencies": {
          "AspNetCore.HealthChecks.Nats": "[9.0.0, )",
          "Atria.Common": "[1.0.0, )"
        }
      },
      "atria.contracts": {
        "type": "Project",
        "dependencies": {
          "Mapster": "[7.4.0, )",
          "Nethereum.RPC": "[6.0.1, )"
        }
      },
      "atria.pipeline": {
        "type": "Project",
        "dependencies": {
          "Atria.Common": "[1.0.0, )",
          "Atria.Contracts": "[1.0.0, )",
          "NATS.Client.Core": "[2.7.3, )",
          "NATS.Client.JetStream": "[2.7.3, )",
          "NATS.Client.KeyValueStore": "[2.7.3, )"
        }
      },
      "AspNetCore.HealthChecks.Nats": {
        "type": "CentralTransitive",
        "requested": "[9.0.0, )",
        "resolved": "9.0.0",
        "contentHash": "K0vgYyYn2jeGQoKaIWtHUJt64/41syLlOj3ZIVcU5irB8SecyUulkkhreGrl69LZVvtE8UVCBt/OIn9aW7WWAA==",
        "dependencies": {
          "NATS.Net": "2.5.4"
        }
      },
      "Mapster": {
        "type": "CentralTransitive",
        "requested": "[7.4.0, )",
        "resolved": "7.4.0",
        "contentHash": "RYGoDqvS4WTKIq0HDyPBBVIj6N0mluOCXQ1Vk95JKseMHEsbCXSEGKSlP95oL+s42IXAXbqvHj7p0YaRBUcfqg==",
        "dependencies": {
          "Mapster.Core": "1.2.1"
        }
      },
      "Mapster.DependencyInjection": {
        "type": "CentralTransitive",
        "requested": "[1.0.1, )",
        "resolved": "1.0.1",
        "contentHash": "LfjnRIwx6WAo3ssq8PFeaHFaUz00BfSG9BhWgXsiDa3H5lDhG0lpMGDF6w2ZnooS4eHYmAv4f77VxmzpvgorNg==",
        "dependencies": {
          "Mapster": "7.4.0"
        }
      },
      "Microsoft.AspNetCore.Mvc.NewtonsoftJson": {
        "type": "CentralTransitive",
        "requested": "[10.0.5, )",
        "resolved": "10.0.5",
        "contentHash": "WFwm63h4YhVOfEvTeieUGRKUz8nYKSd6mXC1vfqqr7ZW+b8mQBkaxMeAOvA2YFjjgRCKgVC72jhmxjLEDFwC4A==",
        "dependencies": {
          "Microsoft.AspNetCore.JsonPatch": "10.0.5",
          "Newtonsoft.Json": "13.0.3",
          "Newtonsoft.Json.Bson": "1.0.2"
        }
      },
      "Microsoft.AspNetCore.Mvc.Versioning.ApiExplorer": {
        "type": "CentralTransitive",
        "requested": "[5.1.0, )",
        "resolved": "5.1.0",
        "contentHash": "p45pSXCJPbx+p9gFNNQPUC547KpqP5cRJke6aygq/M7UzCrJNmJNqD+65pIpY4muYbINqlgrC47h1oc0WbuP1g==",
        "dependencies": {
          "Microsoft.AspNetCore.Mvc.Versioning": "5.1.0"
        }
      },
      "Microsoft.AspNetCore.OData": {
        "type": "CentralTransitive",
        "requested": "[9.4.1, )",
        "resolved": "9.4.1",
        "contentHash": "PXyuPnC7p3ic5sgO9ydNqpKd+hXRMErGXfBPeptTWjXfdBWec97cv1fDFLiCKR1Wm4LeG4Yjcap+xk7XNdfsNw==",
        "dependencies": {
          "Microsoft.OData.Core": "[8.4.0, 9.0.0)",
          "Microsoft.OData.Edm": "[8.4.0, 9.0.0)",
          "Microsoft.OData.ModelBuilder": "[2.0.0, 3.0.0)",
          "Microsoft.Spatial": "[8.4.0, 9.0.0)"
        }
      },
      "Microsoft.AspNetCore.OData.NewtonsoftJson": {
        "type": "CentralTransitive",
        "requested": "[8.2.0, )",
        "resolved": "8.2.0",
        "contentHash": "KjPcGIM9Y4OksvoHc/Bfm26KjBxIOWrlBtAgnFNSwvXlwYrW6T5bYG2WPcc0VxnxpE/VfrwwHFDujPn6R4PKuw==",
        "dependencies": {
          "Microsoft.AspNetCore.OData": "8.2.0"
        }
      },
      "Microsoft.AspNetCore.OpenApi": {
        "type": "CentralTransitive",
        "requested": "[10.0.5, )",
        "resolved": "10.0.5",
        "contentHash": "vTcxIfOPyfFbYk1g8YcXJfkMnlEWVkSnnjxcZLy60zgwiHMRf2SnZR+9E4HlpwKxgE3yfKMOti8J6WfKuKsw6w==",
        "dependencies": {
          "Microsoft.OpenApi": "2.0.0"
        }
      },
      "Microsoft.OData.Core": {
        "type": "CentralTransitive",
        "requested": "[8.4.3, )",
        "resolved": "8.4.3",
        "contentHash": "xI2DdNBDVSZ0wzBhtmNJt3j3u8RzLN8Zb4atDybm+nesnKgp+bsIaGG34ka9s3hIHTZphf+iH3r26nT022Ifgw==",
        "dependencies": {
          "Microsoft.Bcl.AsyncInterfaces": "8.0.0",
          "Microsoft.OData.Edm": "[8.4.3]",
          "Microsoft.Spatial": "[8.4.3]"
        }
      },
      "NATS.Client.Core": {
        "type": "CentralTransitive",
        "requested": "[2.7.3, )",
        "resolved": "2.7.3",
        "contentHash": "zPv+h8lnN/DLrqGeIMo0KYfw6FEtO4orEQUJ9NCLk7hPZgNFugXtm+SwWjheUis2m4sf9PsgOP2JS8Ejj1+xzQ==",
        "dependencies": {
          "NATS.Client.Abstractions": "2.7.3"
        }
      },
      "NATS.Client.JetStream": {
        "type": "CentralTransitive",
        "requested": "[2.7.3, )",
        "resolved": "2.7.3",
        "contentHash": "BNC+o0aUoJcy2YeEBdTr3RXjO7PCysQiltLQ6P3soZzK/DmjUUFnvTHxoWBlR1L7+nOhxfAZ0Ja/JiyPFMe8yQ==",
        "dependencies": {
          "NATS.Client.Core": "2.7.3"
        }
      },
      "NATS.Client.KeyValueStore": {
        "type": "CentralTransitive",
        "requested": "[2.7.3, )",
        "resolved": "2.7.3",
        "contentHash": "6J87y93b8CeyWfJjXN+sGlMPHOg07XQgj+UWjbkJ598lAVBMSj+BJkvd5ValcEgKThiJDrHLvT5hr0Hjdsfwug==",
        "dependencies": {
          "NATS.Client.JetStream": "2.7.3"
        }
      },
      "NATS.Net": {
        "type": "CentralTransitive",
        "requested": "[2.7.3, )",
        "resolved": "2.7.3",
        "contentHash": "UtXlpggCWk72t7pZrAMeGSWP7ZyPyEvLfnCMMTwgT/TTUbRYdJPssDbBIQl2qyZy2LiweRhPAiIt1tbsIoS0EQ==",
        "dependencies": {
          "NATS.Client.Core": "2.7.3",
          "NATS.Client.Hosting": "2.7.3",
          "NATS.Client.JetStream": "2.7.3",
          "NATS.Client.KeyValueStore": "2.7.3",
          "NATS.Client.ObjectStore": "2.7.3",
          "NATS.Client.Serializers.Json": "2.7.3",
          "NATS.Client.Services": "2.7.3",
          "NATS.Client.Simplified": "2.7.3"
        }
      },
      "Nethereum.RPC": {
        "type": "CentralTransitive",
        "requested": "[6.0.1, )",
        "resolved": "6.0.1",
        "contentHash": "2KMQhhNIwczMY1UCPwSyYykBLuuhi4MQHx6hdKd4urPhsmHfk2VjklaWwB8JmePKav7pvHovVSh1BWblwDaTwA==",
        "dependencies": {
          "Nethereum.Hex": "6.0.1",
          "Nethereum.JsonRpc.Client": "6.0.1",
          "Nethereum.Merkle.Patricia": "6.0.1",
          "Nethereum.Model": "6.0.1",
          "Nethereum.Util": "6.0.1",
          "Newtonsoft.Json": "[11.0.2, 14.0.0)"
        }
      },
      "Newtonsoft.Json": {
        "type": "CentralTransitive",
        "requested": "[13.0.4, )",
        "resolved": "13.0.4",
        "contentHash": "pdgNNMai3zv51W5aq268sujXUyx7SNdE2bj1wZcWjAQrKMFZV260lbqYop1d2GM67JI1huLRwxo9ZqnfF/lC6A=="
      },
      "Serilog": {
        "type": "CentralTransitive",
        "requested": "[4.3.1, )",
        "resolved": "4.3.1",
        "contentHash": "savYe7h5yRlkqBVOwP8cIRDOdqKiPmYCU4W87JH38sBmcKD5EBoXvQIw6bNEvZ/pTe1gsiye3VFCzBsoppGkXQ=="
      },
      "Serilog.Extensions.Hosting": {
        "type": "CentralTransitive",
        "requested": "[10.0.0, )",
        "resolved": "10.0.0",
        "contentHash": "E7juuIc+gzoGxgzFooFgAV8g9BfiSXNKsUok9NmEpyAXg2odkcPsMa/Yo4axkJRlh0se7mkYQ1GXDaBemR+b6w==",
        "dependencies": {
          "Serilog": "4.3.0",
          "Serilog.Extensions.Logging": "10.0.0"
        }
      },
      "Serilog.Settings.Configuration": {
        "type": "CentralTransitive",
        "requested": "[10.0.0, )",
        "resolved": "10.0.0",
        "contentHash": "LNq+ibS1sbhTqPV1FIE69/9AJJbfaOhnaqkzcjFy95o+4U+STsta9mi97f1smgXsWYKICDeGUf8xUGzd/52/uA==",
        "dependencies": {
          "Microsoft.Extensions.DependencyModel": "10.0.0",
          "Serilog": "4.3.0"
        }
      },
      "Serilog.Sinks.Console": {
        "type": "CentralTransitive",
        "requested": "[6.1.1, )",
        "resolved": "6.1.1",
        "contentHash": "8jbqgjUyZlfCuSTaJk6lOca465OndqOz3KZP6Cryt/IqZYybyBu7GP0fE/AXBzrrQB3EBmQntBFAvMVz1COvAA==",
        "dependencies": {
          "Serilog": "4.0.0"
        }
      },
      "Swashbuckle.AspNetCore": {
        "type": "CentralTransitive",
        "requested": "[10.1.5, )",
        "resolved": "10.1.5",
        "contentHash": "/eNk9z/8quXhDX14o3XLbwAX/84uIWSbiUD7cI/UrQnoBMOiyAtzKxNEJUtf/TyxjFpcXxE9FAfLvtbNpxHBSg==",
        "dependencies": {
          "Microsoft.Extensions.ApiDescription.Server": "10.0.0",
          "Swashbuckle.AspNetCore.Swagger": "10.1.5",
          "Swashbuckle.AspNetCore.SwaggerGen": "10.1.5",
          "Swashbuckle.AspNetCore.SwaggerUI": "10.1.5"
        }
      },
      "Swashbuckle.AspNetCore.Newtonsoft": {
        "type": "CentralTransitive",
        "requested": "[10.1.5, )",
        "resolved": "10.1.5",
        "contentHash": "8WSM/FyOGJw9imVNpGp8Q59vyqjUlA97kZYDCG8l+Tc2QMGUEj78iIavgLjycX5tWSGg1C39HN7F/HZ0FsLZrQ==",
        "dependencies": {
          "Microsoft.AspNetCore.Mvc.NewtonsoftJson": "10.0.0",
          "Swashbuckle.AspNetCore.SwaggerGen": "10.1.5"
        }
      },
      "Swashbuckle.AspNetCore.Swagger": {
        "type": "CentralTransitive",
        "requested": "[10.1.5, )",
        "resolved": "10.1.5",
        "contentHash": "s4Mct6+Ob0LK9vYVaZcYi/RFFCOEJNjf6nJ5ZPoxtpdFSlzR6i9AHI7Vl44obX8cynRxJW7prA1IUabkiXolFg==",
        "dependencies": {
          "Microsoft.OpenApi": "2.4.1"
        }
      },
      "Swashbuckle.AspNetCore.SwaggerGen": {
        "type": "CentralTransitive",
        "requested": "[10.1.5, )",
        "resolved": "10.1.5",
        "contentHash": "ysQIRgqnx4Vb/9+r3xnEAiaxYmiBHO8jTg7ACaCh+R3Sn+ZKCWKD6nyu0ph3okP91wFSh/6LgccjeLUaQHV+ZA==",
        "dependencies": {
          "Swashbuckle.AspNetCore.Swagger": "10.1.5"
        }
      },
      "Swashbuckle.AspNetCore.SwaggerUI": {
        "type": "CentralTransitive",
        "requested": "[10.1.5, )",
        "resolved": "10.1.5",
        "contentHash": "tQWVKNJWW7lf6S0bv22+7yfxK5IKzvsMeueF4XHSziBfREhLKt42OKzi6/1nINmyGlM4hGbR8aSMg72dLLVBLw=="
      }
    }
  }
}