{
  "version": 2,
  "dependencies": {
    "net10.0": {
      "Microsoft.Extensions.DependencyInjection.Abstractions": {
        "type": "Direct",
        "requested": "[10.0.10, )",
        "resolved": "10.0.10",
        "contentHash": "z/2xXlFw2aLGjHyEm6E0tQ+In6VfzQzTrtArbQ2c0TQE16ZbyDCMGPvaUT9I0s8rgy9sRWlU2P9waW37qV04qA=="
      },
      "Microsoft.Extensions.Options.ConfigurationExtensions": {
        "type": "Direct",
        "requested": "[10.0.10, )",
        "resolved": "10.0.10",
        "contentHash": "tnBmu/LwF25ZQK+HBNCu2xrwnkKoB/XEbJyooGGoYxHrhvxbSKi7eOFiJ4AXBy/QU4vtCvCJfoi8k9Ej72qzOQ==",
        "dependencies": {
          "Microsoft.Extensions.Configuration.Abstractions": "10.0.10",
          "Microsoft.Extensions.Configuration.Binder": "10.0.10",
          "Microsoft.Extensions.DependencyInjection.Abstractions": "10.0.10",
          "Microsoft.Extensions.Options": "10.0.10",
          "Microsoft.Extensions.Primitives": "10.0.10"
        }
      },
      "Pulsy.EKV.Client": {
        "type": "Direct",
        "requested": "[0.2.1, )",
        "resolved": "0.2.1",
        "contentHash": "XqPxh81n2sfNv2YOn/yW9egwvn1MC6iv0uB6CGZFGmYe/QwSD0iWOKbbwQfertpWoJEpImB9kQGye0Q9SVM/8Q==",
        "dependencies": {
          "Google.Protobuf": "3.35.0",
          "Grpc.Net.Client": "2.80.0"
        }
      },
      "StyleCop.Analyzers": {
        "type": "Direct",
        "requested": "[1.1.118, )",
        "resolved": "1.1.118",
        "contentHash": "Onx6ovGSqXSK07n/0eM3ZusiNdB6cIlJdabQhWGgJp3Vooy9AaLS/tigeybOJAobqbtggTamoWndz72JscZBvw=="
      },
      "Google.Protobuf": {
        "type": "Transitive",
        "resolved": "3.35.0",
        "contentHash": "OrUZCUzBXqdSmsQSWp/EPeINjOBcMU+PrZEJegw0aLgOGFHZ9ZI37X/SFrIxo8C9ghKynaKpPr3BVPc4EujWYg=="
      },
      "Grpc.Core.Api": {
        "type": "Transitive",
        "resolved": "2.80.0",
        "contentHash": "i/8s+MOrYa6n7BmZ5bilcbHk+EMJDQHm2MKLhwGAT+urQqlZ6cpjvSivYvuULjebuX+UKieLYZbLRCmVQxFRkw=="
      },
      "Grpc.Net.Client": {
        "type": "Transitive",
        "resolved": "2.80.0",
        "contentHash": "I1Aa24nTRMHqx0pmQfvthFsOpejquDjiJV6092KBqjw6EEr3wA9CMXlrdkoEgHartOiJrpKyZiQRl7n0NVlfBg==",
        "dependencies": {
          "Grpc.Net.Common": "2.80.0",
          "Microsoft.Extensions.Logging.Abstractions": "8.0.0"
        }
      },
      "Grpc.Net.Common": {
        "type": "Transitive",
        "resolved": "2.80.0",
        "contentHash": "E2ERsx+9IXlry4yjBl8btx0XMIKzymGNSvX5jmBS/uSwYyYDoKIDcIREyLqFLvd8vcJdcoRlycpvn9YRXutFpQ==",
        "dependencies": {
          "Grpc.Core.Api": "2.80.0"
        }
      },
      "Microsoft.Extensions.Configuration": {
        "type": "Transitive",
        "resolved": "10.0.10",
        "contentHash": "plJWK2zpWuuyxI8F8s2scx6Je7N1Ajjs6HvYUGKwRnDMWIVIz9FHwAkiT7ASgrvAOd10T0FPVlh9BzAJJME+jg==",
        "dependencies": {
          "Microsoft.Extensions.Configuration.Abstractions": "10.0.10",
          "Microsoft.Extensions.Primitives": "10.0.10"
        }
      },
      "Microsoft.Extensions.Configuration.Abstractions": {
        "type": "Transitive",
        "resolved": "10.0.10",
        "contentHash": "5Vnd2I75DmZCVEjSynIdJ/0EGafgnLQwgR3t2C2/fkjx/nRG+cLwxLLdInoHeCEpkD5K4Ov/g9ZCRYrl4TRsaA==",
        "dependencies": {
          "Microsoft.Extensions.Primitives": "10.0.10"
        }
      },
      "Microsoft.Extensions.Configuration.Binder": {
        "type": "Transitive",
        "resolved": "10.0.10",
        "contentHash": "GqmN2o1CkJvk7uWp+p4CwBYW0w/zfoEbvsiFDbO2G8l1Uz+mrDAbAcZiXhU2lufKPby1cjAUdd5GTWpebYOkOA==",
        "dependencies": {
          "Microsoft.Extensions.Configuration": "10.0.10",
          "Microsoft.Extensions.Configuration.Abstractions": "10.0.10"
        }
      },
      "Microsoft.Extensions.Logging.Abstractions": {
        "type": "Transitive",
        "resolved": "8.0.0",
        "contentHash": "arDBqTgFCyS0EvRV7O3MZturChstm50OJ0y9bDJvAcmEPJm0FFpFyjU/JLYyStNGGey081DvnQYlncNX5SJJGA==",
        "dependencies": {
          "Microsoft.Extensions.DependencyInjection.Abstractions": "8.0.0"
        }
      },
      "Microsoft.Extensions.Primitives": {
        "type": "Transitive",
        "resolved": "10.0.10",
        "contentHash": "5wu/GrYVd8mG2DVUw3vFJzF+O336TyTGg/Kmcgw9bfwYhCoFiV5lR5QeEmKecJyrW4W54nMfD3p3589E8a7czQ=="
      },
      "Microsoft.Extensions.Options": {
        "type": "CentralTransitive",
        "requested": "[10.0.10, )",
        "resolved": "10.0.10",
        "contentHash": "srnhnk7nE8krBiIXp71LvBmKBtraBONWSRzdjJgRv1Ko9Mp8IVNqv4vIS9hGeVteBig8aQkva9ZG+sC+o5sVcA==",
        "dependencies": {
          "Microsoft.Extensions.DependencyInjection.Abstractions": "10.0.10",
          "Microsoft.Extensions.Primitives": "10.0.10"
        }
      }
    }
  }
}