{
  "version": 2,
  "dependencies": {
    "net10.0": {
      "Microsoft.AspNetCore.Mvc.NewtonsoftJson": {
        "type": "Direct",
        "requested": "[10.0.5, )",
        "resolved": "10.0.5",
        "contentHash": "WFwm63h4YhVOfEvTeieUGRKUz8nYKSd6mXC1vfqqr7ZW+b8mQBkaxMeAOvA2YFjjgRCKgVC72jhmxjLEDFwC4A==",
        "dependencies": {
          "Microsoft.AspNetCore.JsonPatch": "10.0.5",
          "Newtonsoft.Json": "13.0.3",
          "Newtonsoft.Json.Bson": "1.0.2"
        }
      },
      "Microsoft.AspNetCore.Mvc.Versioning.ApiExplorer": {
        "type": "Direct",
        "requested": "[5.1.0, )",
        "resolved": "5.1.0",
        "contentHash": "p45pSXCJPbx+p9gFNNQPUC547KpqP5cRJke6aygq/M7UzCrJNmJNqD+65pIpY4muYbINqlgrC47h1oc0WbuP1g==",
        "dependencies": {
          "Microsoft.AspNetCore.Mvc.Versioning": "5.1.0"
        }
      },
      "Microsoft.AspNetCore.OData.NewtonsoftJson": {
        "type": "Direct",
        "requested": "[8.2.0, )",
        "resolved": "8.2.0",
        "contentHash": "KjPcGIM9Y4OksvoHc/Bfm26KjBxIOWrlBtAgnFNSwvXlwYrW6T5bYG2WPcc0VxnxpE/VfrwwHFDujPn6R4PKuw==",
        "dependencies": {
          "Microsoft.AspNetCore.OData": "8.2.0"
        }
      },
      "Microsoft.AspNetCore.OpenApi": {
        "type": "Direct",
        "requested": "[10.0.5, )",
        "resolved": "10.0.5",
        "contentHash": "vTcxIfOPyfFbYk1g8YcXJfkMnlEWVkSnnjxcZLy60zgwiHMRf2SnZR+9E4HlpwKxgE3yfKMOti8J6WfKuKsw6w==",
        "dependencies": {
          "Microsoft.OpenApi": "2.0.0"
        }
      },
      "Microsoft.EntityFrameworkCore.Design": {
        "type": "Direct",
        "requested": "[10.0.5, )",
        "resolved": "10.0.5",
        "contentHash": "gm6f0cC2w/2tcd4GeZJqEMruTercpIJfO5sSAFLtqTqblDBHgAFk70xwshUIUVX4I6sZwdEUSd1YxoKFk1AL0w==",
        "dependencies": {
          "Humanizer.Core": "2.14.1",
          "Microsoft.Build.Framework": "18.0.2",
          "Microsoft.CodeAnalysis.CSharp": "5.0.0",
          "Microsoft.CodeAnalysis.CSharp.Workspaces": "5.0.0",
          "Microsoft.CodeAnalysis.Workspaces.MSBuild": "5.0.0",
          "Microsoft.EntityFrameworkCore.Relational": "10.0.5",
          "Microsoft.Extensions.Caching.Memory": "10.0.5",
          "Microsoft.Extensions.Configuration.Abstractions": "10.0.5",
          "Microsoft.Extensions.DependencyModel": "10.0.5",
          "Microsoft.Extensions.Logging": "10.0.5",
          "Mono.TextTemplating": "3.0.0",
          "Newtonsoft.Json": "13.0.3"
        }
      },
      "Serilog": {
        "type": "Direct",
        "requested": "[4.3.1, )",
        "resolved": "4.3.1",
        "contentHash": "savYe7h5yRlkqBVOwP8cIRDOdqKiPmYCU4W87JH38sBmcKD5EBoXvQIw6bNEvZ/pTe1gsiye3VFCzBsoppGkXQ=="
      },
      "Serilog.Extensions.Hosting": {
        "type": "Direct",
        "requested": "[10.0.0, )",
        "resolved": "10.0.0",
        "contentHash": "E7juuIc+gzoGxgzFooFgAV8g9BfiSXNKsUok9NmEpyAXg2odkcPsMa/Yo4axkJRlh0se7mkYQ1GXDaBemR+b6w==",
        "dependencies": {
          "Microsoft.Extensions.DependencyInjection.Abstractions": "10.0.0",
          "Microsoft.Extensions.Hosting.Abstractions": "10.0.0",
          "Microsoft.Extensions.Logging.Abstractions": "10.0.0",
          "Serilog": "4.3.0",
          "Serilog.Extensions.Logging": "10.0.0"
        }
      },
      "Serilog.Settings.Configuration": {
        "type": "Direct",
        "requested": "[10.0.0, )",
        "resolved": "10.0.0",
        "contentHash": "LNq+ibS1sbhTqPV1FIE69/9AJJbfaOhnaqkzcjFy95o+4U+STsta9mi97f1smgXsWYKICDeGUf8xUGzd/52/uA==",
        "dependencies": {
          "Microsoft.Extensions.Configuration.Binder": "10.0.0",
          "Microsoft.Extensions.DependencyModel": "10.0.0",
          "Serilog": "4.3.0"
        }
      },
      "Serilog.Sinks.Console": {
        "type": "Direct",
        "requested": "[6.1.1, )",
        "resolved": "6.1.1",
        "contentHash": "8jbqgjUyZlfCuSTaJk6lOca465OndqOz3KZP6Cryt/IqZYybyBu7GP0fE/AXBzrrQB3EBmQntBFAvMVz1COvAA==",
        "dependencies": {
          "Serilog": "4.0.0"
        }
      },
      "StyleCop.Analyzers": {
        "type": "Direct",
        "requested": "[1.1.118, )",
        "resolved": "1.1.118",
        "contentHash": "Onx6ovGSqXSK07n/0eM3ZusiNdB6cIlJdabQhWGgJp3Vooy9AaLS/tigeybOJAobqbtggTamoWndz72JscZBvw=="
      },
      "Swashbuckle.AspNetCore": {
        "type": "Direct",
        "requested": "[10.1.5, )",
        "resolved": "10.1.5",
        "contentHash": "/eNk9z/8quXhDX14o3XLbwAX/84uIWSbiUD7cI/UrQnoBMOiyAtzKxNEJUtf/TyxjFpcXxE9FAfLvtbNpxHBSg==",
        "dependencies": {
          "Microsoft.Extensions.ApiDescription.Server": "10.0.0",
          "Swashbuckle.AspNetCore.Swagger": "10.1.5",
          "Swashbuckle.AspNetCore.SwaggerGen": "10.1.5",
          "Swashbuckle.AspNetCore.SwaggerUI": "10.1.5"
        }
      },
      "Swashbuckle.AspNetCore.Newtonsoft": {
        "type": "Direct",
        "requested": "[10.1.5, )",
        "resolved": "10.1.5",
        "contentHash": "8WSM/FyOGJw9imVNpGp8Q59vyqjUlA97kZYDCG8l+Tc2QMGUEj78iIavgLjycX5tWSGg1C39HN7F/HZ0FsLZrQ==",
        "dependencies": {
          "Microsoft.AspNetCore.Mvc.NewtonsoftJson": "10.0.0",
          "Swashbuckle.AspNetCore.SwaggerGen": "10.1.5"
        }
      },
      "Swashbuckle.AspNetCore.Swagger": {
        "type": "Direct",
        "requested": "[10.1.5, )",
        "resolved": "10.1.5",
        "contentHash": "s4Mct6+Ob0LK9vYVaZcYi/RFFCOEJNjf6nJ5ZPoxtpdFSlzR6i9AHI7Vl44obX8cynRxJW7prA1IUabkiXolFg==",
        "dependencies": {
          "Microsoft.OpenApi": "2.4.1"
        }
      },
      "Swashbuckle.AspNetCore.SwaggerGen": {
        "type": "Direct",
        "requested": "[10.1.5, )",
        "resolved": "10.1.5",
        "contentHash": "ysQIRgqnx4Vb/9+r3xnEAiaxYmiBHO8jTg7ACaCh+R3Sn+ZKCWKD6nyu0ph3okP91wFSh/6LgccjeLUaQHV+ZA==",
        "dependencies": {
          "Swashbuckle.AspNetCore.Swagger": "10.1.5"
        }
      },
      "Swashbuckle.AspNetCore.SwaggerUI": {
        "type": "Direct",
        "requested": "[10.1.5, )",
        "resolved": "10.1.5",
        "contentHash": "tQWVKNJWW7lf6S0bv22+7yfxK5IKzvsMeueF4XHSziBfREhLKt42OKzi6/1nINmyGlM4hGbR8aSMg72dLLVBLw=="
      },
      "Humanizer.Core": {
        "type": "Transitive",
        "resolved": "2.14.1",
        "contentHash": "lQKvtaTDOXnoVJ20ibTuSIOf2i0uO0MPbDhd1jm238I+U/2ZnRENj0cktKZhtchBMtCUSRQ5v4xBCUbKNmyVMw=="
      },
      "Mapster.Core": {
        "type": "Transitive",
        "resolved": "1.2.1",
        "contentHash": "11lokmfliBEMMmjeqxFGNpqGXq6tN96zFqpBmfYeahr4Ybk63oDmeJmOflsATjobYkX248g5Y62oQ2NNnZaeww=="
      },
      "Microsoft.AspNetCore.JsonPatch": {
        "type": "Transitive",
        "resolved": "10.0.5",
        "contentHash": "ODGomRlmt8/mFAqVyD9MgE4fXNkO6qDNeKuvmqNDuKjOL2UOkh/wJK0gEXS5VcViHFs+uQKOXD5xoTg1/ouKtA==",
        "dependencies": {
          "Newtonsoft.Json": "13.0.3"
        }
      },
      "Microsoft.AspNetCore.Mvc.Versioning": {
        "type": "Transitive",
        "resolved": "5.1.0",
        "contentHash": "UX8w9BlCiZpr6Ox4YAve1w0CkI1CAovukGNzKd7v0+5pZc8lzuG5tRovucr1RWIKHs0E/Yx8563CN7KzaB3bpw=="
      },
      "Microsoft.Bcl.AsyncInterfaces": {
        "type": "Transitive",
        "resolved": "8.0.0",
        "contentHash": "3WA9q9yVqJp222P3x1wYIGDAkpjAku0TMUaaQV22g6L67AI0LdOIrVS7Ht2vJfLHGSPVuqN94vIr15qn+HEkHw=="
      },
      "Microsoft.Build.Framework": {
        "type": "Transitive",
        "resolved": "18.0.2",
        "contentHash": "sOSb+0J4G/jCBW/YqmRuL0eOMXgfw1KQLdC9TkbvfA5xs7uNm+PBQXJCOzSJGXtZcZrtXozcwxPmUiRUbmd7FA=="
      },
      "Microsoft.CodeAnalysis.Analyzers": {
        "type": "Transitive",
        "resolved": "3.11.0",
        "contentHash": "v/EW3UE8/lbEYHoC2Qq7AR/DnmvpgdtAMndfQNmpuIMx/Mto8L5JnuCfdBYtgvalQOtfNCnxFejxuRrryvUTsg=="
      },
      "Microsoft.CodeAnalysis.Common": {
        "type": "Transitive",
        "resolved": "5.0.0",
        "contentHash": "ZXRAdvH6GiDeHRyd3q/km8Z44RoM6FBWHd+gen/la81mVnAdHTEsEkO5J0TCNXBymAcx5UYKt5TvgKBhaLJEow==",
        "dependencies": {
          "Microsoft.CodeAnalysis.Analyzers": "3.11.0"
        }
      },
      "Microsoft.CodeAnalysis.CSharp": {
        "type": "Transitive",
        "resolved": "5.0.0",
        "contentHash": "5DSyJ9bk+ATuDy7fp2Zt0mJStDVKbBoiz1DyfAwSa+k4H4IwykAUcV3URelw5b8/iVbfSaOwkwmPUZH6opZKCw==",
        "dependencies": {
          "Microsoft.CodeAnalysis.Analyzers": "3.11.0",
          "Microsoft.CodeAnalysis.Common": "[5.0.0]"
        }
      },
      "Microsoft.CodeAnalysis.CSharp.Workspaces": {
        "type": "Transitive",
        "resolved": "5.0.0",
        "contentHash": "Al/Q8B+yO8odSqGVpSvrShMFDvlQdIBU//F3E6Rb0YdiLSALE9wh/pvozPNnfmh5HDnvU+mkmSjpz4hQO++jaA==",
        "dependencies": {
          "Humanizer.Core": "2.14.1",
          "Microsoft.CodeAnalysis.Analyzers": "3.11.0",
          "Microsoft.CodeAnalysis.CSharp": "[5.0.0]",
          "Microsoft.CodeAnalysis.Common": "[5.0.0]",
          "Microsoft.CodeAnalysis.Workspaces.Common": "[5.0.0]",
          "System.Composition": "9.0.0"
        }
      },
      "Microsoft.CodeAnalysis.Workspaces.Common": {
        "type": "Transitive",
        "resolved": "5.0.0",
        "contentHash": "ZbUmIvT6lqTNKiv06Jl5wf0MTMi1vQ1oH7ou4CLcs2C/no/L7EhP3T8y3XXvn9VbqMcJaJnEsNA1jwYUMgc5jg==",
        "dependencies": {
          "Humanizer.Core": "2.14.1",
          "Microsoft.CodeAnalysis.Analyzers": "3.11.0",
          "Microsoft.CodeAnalysis.Common": "[5.0.0]",
          "System.Composition": "9.0.0"
        }
      },
      "Microsoft.CodeAnalysis.Workspaces.MSBuild": {
        "type": "Transitive",
        "resolved": "5.0.0",
        "contentHash": "/G+LVoAGMz6Ae8nm+PGLxSw+F5RjYx/J7irbTO5uKAPw1bxHyQJLc/YOnpDxt+EpPtYxvC9wvBsg/kETZp1F9Q==",
        "dependencies": {
          "Humanizer.Core": "2.14.1",
          "Microsoft.Build.Framework": "17.11.31",
          "Microsoft.CodeAnalysis.Analyzers": "3.11.0",
          "Microsoft.CodeAnalysis.Workspaces.Common": "[5.0.0]",
          "Microsoft.Extensions.DependencyInjection": "9.0.0",
          "Microsoft.Extensions.Logging": "9.0.0",
          "Microsoft.Extensions.Logging.Abstractions": "9.0.0",
          "Microsoft.Extensions.Options": "9.0.0",
          "Microsoft.Extensions.Primitives": "9.0.0",
          "Microsoft.VisualStudio.SolutionPersistence": "1.0.52",
          "Newtonsoft.Json": "13.0.3",
          "System.Composition": "9.0.0"
        }
      },
      "Microsoft.EntityFrameworkCore.Abstractions": {
        "type": "Transitive",
        "resolved": "10.0.5",
        "contentHash": "32c58Rnm47Qvhimawf67KO9PytgPz3QoWye7Abapt0Yocw/JnzMiSNj/pRoIKyn8Jxypkv86zxKD4Q/zNTc0Ag=="
      },
      "Microsoft.EntityFrameworkCore.Analyzers": {
        "type": "Transitive",
        "resolved": "10.0.5",
        "contentHash": "ipC4u1VojgEfoIZhtbS2Sx5IluJTP/Jf1hz3yGsxGBgSukYY/CquI6rAjxn5H58CZgVn36qcuPPtNMwZ0AUzMg=="
      },
      "Microsoft.Extensions.ApiDescription.Server": {
        "type": "Transitive",
        "resolved": "10.0.0",
        "contentHash": "NCWCGiwRwje8773yzPQhvucYnnfeR+ZoB1VRIrIMp4uaeUNw7jvEPHij3HIbwCDuNCrNcphA00KSAR9yD9qmbg=="
      },
      "Microsoft.Extensions.Caching.Abstractions": {
        "type": "Transitive",
        "resolved": "10.0.5",
        "contentHash": "k/QDdQ94/0Shi0KfU+e12m73jfQo+3JpErTtgpZfsCIqkvdEEO0XIx6R+iTbN55rNPaNhOqNY4/sB+jZ8XxVPw==",
        "dependencies": {
          "Microsoft.Extensions.Primitives": "10.0.5"
        }
      },
      "Microsoft.Extensions.Caching.Memory": {
        "type": "Transitive",
        "resolved": "10.0.5",
        "contentHash": "jUEXmkBUPdOS/MP9areK/sbKhdklq9+tEhvwfxGalZVnmyLUO5rrheNNutUBtvbZ7J8ECkG7/r2KXi/IFC06cA==",
        "dependencies": {
          "Microsoft.Extensions.Caching.Abstractions": "10.0.5",
          "Microsoft.Extensions.DependencyInjection.Abstractions": "10.0.5",
          "Microsoft.Extensions.Logging.Abstractions": "10.0.5",
          "Microsoft.Extensions.Options": "10.0.5",
          "Microsoft.Extensions.Primitives": "10.0.5"
        }
      },
      "Microsoft.Extensions.Configuration": {
        "type": "Transitive",
        "resolved": "10.0.0",
        "contentHash": "H4SWETCh/cC5L1WtWchHR6LntGk3rDTTznZMssr4cL8IbDmMWBxY+MOGDc/ASnqNolLKPIWHWeuC1ddiL/iNPw==",
        "dependencies": {
          "Microsoft.Extensions.Configuration.Abstractions": "10.0.0",
          "Microsoft.Extensions.Primitives": "10.0.0"
        }
      },
      "Microsoft.Extensions.Configuration.Abstractions": {
        "type": "Transitive",
        "resolved": "10.0.5",
        "contentHash": "P09QpTHjqHmCLQOTC+WyLkoRNxek4NIvfWt+TnU0etoDUSRxcltyd6+j/ouRbMdLR0j44GqGO+lhI2M4fAHG4g==",
        "dependencies": {
          "Microsoft.Extensions.Primitives": "10.0.5"
        }
      },
      "Microsoft.Extensions.Configuration.Binder": {
        "type": "Transitive",
        "resolved": "10.0.0",
        "contentHash": "tMF9wNh+hlyYDWB8mrFCQHQmWHlRosol1b/N2Jrefy1bFLnuTlgSYmPyHNmz8xVQgs7DpXytBRWxGhG+mSTp0g==",
        "dependencies": {
          "Microsoft.Extensions.Configuration": "10.0.0",
          "Microsoft.Extensions.Configuration.Abstractions": "10.0.0"
        }
      },
      "Microsoft.Extensions.DependencyModel": {
        "type": "Transitive",
        "resolved": "10.0.5",
        "contentHash": "xA4kkL+QS6KCAOKz/O0oquHs44Ob8J7zpBCNt3wjkBWDg5aCqfwG8rWWLsg5V86AM0sB849g9JjPjIdksTCIKg=="
      },
      "Microsoft.Extensions.Diagnostics.Abstractions": {
        "type": "Transitive",
        "resolved": "10.0.5",
        "contentHash": "/nYGrpa9/0BZofrVpBbbj+Ns8ZesiPE0V/KxsuHgDgHQopIzN54nRaQGSuvPw16/kI9sW1Zox5yyAPqvf0Jz6A==",
        "dependencies": {
          "Microsoft.Extensions.DependencyInjection.Abstractions": "10.0.5",
          "Microsoft.Extensions.Options": "10.0.5"
        }
      },
      "Microsoft.Extensions.FileProviders.Abstractions": {
        "type": "Transitive",
        "resolved": "10.0.5",
        "contentHash": "nCBmCx0Xemlu65ZiWMcXbvfvtznKxf4/YYKF9R28QkqdI9lTikedGqzJ28/xmdGGsxUnsP5/3TQGpiPwVjK0dA==",
        "dependencies": {
          "Microsoft.Extensions.Primitives": "10.0.5"
        }
      },
      "Microsoft.Extensions.Logging.Abstractions": {
        "type": "Transitive",
        "resolved": "10.0.5",
        "contentHash": "9HOdqlDtPptVcmKAjsQ/Nr5Rxfq6FMYLdhvZh1lVmeKR738qeYecQD7+ldooXf+u2KzzR1kafSphWngIM3C6ug==",
        "dependencies": {
          "Microsoft.Extensions.DependencyInjection.Abstractions": "10.0.5"
        }
      },
      "Microsoft.Extensions.ObjectPool": {
        "type": "Transitive",
        "resolved": "6.0.3",
        "contentHash": "IbQUEZr/LxxpPxkXDmKaemMeQNPjdHfk87HtTsI18a3RVgad0NOJSRaJ20hcesqL45PLcpQHR8xrPP7wZKbFQQ=="
      },
      "Microsoft.Extensions.Primitives": {
        "type": "Transitive",
        "resolved": "10.0.5",
        "contentHash": "/HUHJ0tw/LQvD0DZrz50eQy/3z7PfX7WWEaXnjKTV9/TNdcgFlNTZGo49QhS7PTmhDqMyHRMqAXSBxLh0vso4g=="
      },
      "Microsoft.OData.Edm": {
        "type": "Transitive",
        "resolved": "8.4.3",
        "contentHash": "u8FarteJLKNYagsOvOxvhZtSKEcC00CID6GY6RkBYAaff1z0nYZe94XAUqwbXSJSSx39wBa1F8BboUBk+gAxjQ=="
      },
      "Microsoft.OData.ModelBuilder": {
        "type": "Transitive",
        "resolved": "2.0.0",
        "contentHash": "QzySAMGhLCMyLNHSTIYKFjJXetoDeGkRS/7JEjm7eMJlyu1Qv4MfL1CXQFg2uijizNu2jQojT0mdCpawXbyv8Q==",
        "dependencies": {
          "Microsoft.OData.Edm": "[8.0.0, 9.0.0)",
          "Microsoft.Spatial": "[8.0.0, 9.0.0)",
          "System.ComponentModel.Annotations": "4.6.0"
        }
      },
      "Microsoft.OpenApi": {
        "type": "Transitive",
        "resolved": "2.4.1",
        "contentHash": "u7QhXCISMQuab3flasb1hoaiERmUqyWsW7tmQODyILoQ7mJV5IRGM+2KKZYo0QUfC13evEOcHAb6TPWgqEQtrw=="
      },
      "Microsoft.Spatial": {
        "type": "Transitive",
        "resolved": "8.4.3",
        "contentHash": "+HjBpfUSS6pxC607cz6BAW1w6bxpTjurZ7x0Chvjcksg2eXPyj5BMPla068zAn/ZZtpIDaaNFNDyUcJ3kQkUfA=="
      },
      "Microsoft.VisualStudio.SolutionPersistence": {
        "type": "Transitive",
        "resolved": "1.0.52",
        "contentHash": "oNv2JtYXhpdJrX63nibx1JT3uCESOBQ1LAk7Dtz/sr0+laW0KRM6eKp4CZ3MHDR2siIkKsY8MmUkeP5DKkQQ5w=="
      },
      "Mono.TextTemplating": {
        "type": "Transitive",
        "resolved": "3.0.0",
        "contentHash": "YqueG52R/Xej4VVbKuRIodjiAhV0HR/XVbLbNrJhCZnzjnSjgMJ/dCdV0akQQxavX6hp/LC6rqLGLcXeQYU7XA==",
        "dependencies": {
          "System.CodeDom": "6.0.0"
        }
      },
      "NATS.Client.Abstractions": {
        "type": "Transitive",
        "resolved": "2.7.3",
        "contentHash": "aaSIUTsCGOWi4McMx8HQlx7+GuL9f0pQI4CDlSl/b7+XOd7O5qUyjnBq8Rek+ejfrbQr3hMqaAn2dm7UyKNvNg=="
      },
      "NATS.Client.Hosting": {
        "type": "Transitive",
        "resolved": "2.7.3",
        "contentHash": "Ojf4JZJ2toSq1mWxRep286aF+xpqJPOXrnuhNO/agEscsNjm0Qmh1UD4l1l9KOZWN5WLiahOomjyRGbUeaNj9g==",
        "dependencies": {
          "Microsoft.Extensions.Hosting.Abstractions": "8.0.0",
          "NATS.Client.Core": "2.7.3"
        }
      },
      "NATS.Client.ObjectStore": {
        "type": "Transitive",
        "resolved": "2.7.3",
        "contentHash": "2YhKjvqpnmAg+sPPpVkWTQGK94IwuKITeuLgFVD9eARAqXU8dxIbUEcpAbvMYBaHmakDg14n8vqQbMZAp1FjIw==",
        "dependencies": {
          "NATS.Client.JetStream": "2.7.3"
        }
      },
      "NATS.Client.Serializers.Json": {
        "type": "Transitive",
        "resolved": "2.7.3",
        "contentHash": "DFVi6cd7O/ZtZj+d4tvC+Jc+uICgqSGhsYgGZstMn1e5P0FoK1v43eLcNNi0NAsaiOfJDFQZqKiDlQ22ZvXgRQ==",
        "dependencies": {
          "NATS.Client.Abstractions": "2.7.3"
        }
      },
      "NATS.Client.Services": {
        "type": "Transitive",
        "resolved": "2.7.3",
        "contentHash": "VzoYQx4LWN3OSnGWEEcdW+ao/0bT/qPD3fWt34m8RJhMIA3CLbXOrAVlTLueUghb6+WwE/8x3IXTCeJx2oHl9w==",
        "dependencies": {
          "NATS.Client.Core": "2.7.3"
        }
      },
      "NATS.Client.Simplified": {
        "type": "Transitive",
        "resolved": "2.7.3",
        "contentHash": "v4SFCsElJ0WQFTyPCiBK2u9auTN47+0w8WRqZvCVeGH6aatBL63ZEx2CBHnnzKISn6zthhEOqY2LwNOoUd8Vng==",
        "dependencies": {
          "NATS.Client.Core": "2.7.3",
          "NATS.Client.Serializers.Json": "2.7.3"
        }
      },
      "Nethereum.Hex": {
        "type": "Transitive",
        "resolved": "6.0.1",
        "contentHash": "jVN+85vgcZP2sFCF+E/ZcbkAkfmRt8Ey2n7jGcZMnX6YoDGNWZ0d2aSJGxLS45D/6inzazEWJLHtu+rQlN7OaQ==",
        "dependencies": {
          "Newtonsoft.Json": "[11.0.2, 14.0.0)"
        }
      },
      "Nethereum.Merkle.Patricia": {
        "type": "Transitive",
        "resolved": "6.0.1",
        "contentHash": "5xyb7/WZh4WFjNhYJwEjzoxISciectd7z1r6RzRdZ+04fkkcoaZfKrFhn/ZV4IHaJ3/UieV8k6GM2VWmLGJWXg==",
        "dependencies": {
          "Nethereum.Model": "6.0.1",
          "Nethereum.RLP": "6.0.1",
          "Newtonsoft.Json": "[11.0.2, 14.0.0)"
        }
      },
      "Nethereum.Model": {
        "type": "Transitive",
        "resolved": "6.0.1",
        "contentHash": "x74VxWBPCc53bx11H7F1RXEXn2sH1zbG0RRYQQGlH+slN9GF3li8Hquu6lnFlgIaWpvEorVLgcDmXXYghpTIfg==",
        "dependencies": {
          "Nethereum.RLP": "6.0.1",
          "Nethereum.Util": "6.0.1",
          "Newtonsoft.Json": "[11.0.2, 14.0.0)"
        }
      },
      "Nethereum.RLP": {
        "type": "Transitive",
        "resolved": "6.0.1",
        "contentHash": "dLnX1WHvl/ijwqtz2XkCtCnOpP7FNtMWGDbuq5LhTYphX+mE6cB1VPijYSBqFobQM3WWaCbJda0f1ojSMw7Pig==",
        "dependencies": {
          "Nethereum.Hex": "6.0.1",
          "Newtonsoft.Json": "[11.0.2, 14.0.0)"
        }
      },
      "Nethereum.Util": {
        "type": "Transitive",
        "resolved": "6.0.1",
        "contentHash": "wcGwyNCeb0FAqcvTr1a7MRVIjQyJUkQKKw54D7T6hgbJz4hQJOAequ797arCLEpI6lSsiwIyuZdoRdpT4RJYNQ==",
        "dependencies": {
          "Nethereum.Hex": "6.0.1",
          "Nethereum.RLP": "6.0.1",
          "Newtonsoft.Json": "[11.0.2, 14.0.0)"
        }
      },
      "Newtonsoft.Json.Bson": {
        "type": "Transitive",
        "resolved": "1.0.2",
        "contentHash": "QYFyxhaABwmq3p/21VrZNYvCg3DaEoN/wUuw5nmfAf0X3HLjgupwhkEWdgfb9nvGAUIv3osmZoD3kKl4jxEmYQ==",
        "dependencies": {
          "Newtonsoft.Json": "12.0.1"
        }
      },
      "Serilog.Extensions.Logging": {
        "type": "Transitive",
        "resolved": "10.0.0",
        "contentHash": "vx0kABKl2dWbBhhqAfTOk53/i8aV/5VaT3a6il9gn72Wqs2pM7EK2OB6No6xdqK2IaY6Zf9gdjLuK9BVa2rT+Q==",
        "dependencies": {
          "Microsoft.Extensions.Logging": "10.0.0",
          "Serilog": "4.2.0"
        }
      },
      "System.CodeDom": {
        "type": "Transitive",
        "resolved": "6.0.0",
        "contentHash": "CPc6tWO1LAer3IzfZufDBRL+UZQcj5uS207NHALQzP84Vp/z6wF0Aa0YZImOQY8iStY0A2zI/e3ihKNPfUm8XA=="
      },
      "System.ComponentModel.Annotations": {
        "type": "Transitive",
        "resolved": "4.6.0",
        "contentHash": "pOd+UhZ3X8xfwKDlgAzowUJNjp8VYVmOHZm++vCd0kq1HZ0zK3mNo2yRXjYgv7Ik/Xi43fmJfND2PLEsQSALCg=="
      },
      "System.Composition": {
        "type": "Transitive",
        "resolved": "9.0.0",
        "contentHash": "3Djj70fFTraOarSKmRnmRy/zm4YurICm+kiCtI0dYRqGJnLX6nJ+G3WYuFJ173cAPax/gh96REcbNiVqcrypFQ==",
        "dependencies": {
          "System.Composition.AttributedModel": "9.0.0",
          "System.Composition.Convention": "9.0.0",
          "System.Composition.Hosting": "9.0.0",
          "System.Composition.Runtime": "9.0.0",
          "System.Composition.TypedParts": "9.0.0"
        }
      },
      "System.Composition.AttributedModel": {
        "type": "Transitive",
        "resolved": "9.0.0",
        "contentHash": "iri00l/zIX9g4lHMY+Nz0qV1n40+jFYAmgsaiNn16xvt2RDwlqByNG4wgblagnDYxm3YSQQ0jLlC/7Xlk9CzyA=="
      },
      "System.Composition.Convention": {
        "type": "Transitive",
        "resolved": "9.0.0",
        "contentHash": "+vuqVP6xpi582XIjJi6OCsIxuoTZfR0M7WWufk3uGDeCl3wGW6KnpylUJ3iiXdPByPE0vR5TjJgR6hDLez4FQg==",
        "dependencies": {
          "System.Composition.AttributedModel": "9.0.0"
        }
      },
      "System.Composition.Hosting": {
        "type": "Transitive",
        "resolved": "9.0.0",
        "contentHash": "OFqSeFeJYr7kHxDfaViGM1ymk7d4JxK//VSoNF9Ux0gpqkLsauDZpu89kTHHNdCWfSljbFcvAafGyBoY094btQ==",
        "dependencies": {
          "System.Composition.Runtime": "9.0.0"
        }
      },
      "System.Composition.Runtime": {
        "type": "Transitive",
        "resolved": "9.0.0",
        "contentHash": "w1HOlQY1zsOWYussjFGZCEYF2UZXgvoYnS94NIu2CBnAGMbXFAX8PY8c92KwUItPmowal68jnVLBCzdrWLeEKA=="
      },
      "System.Composition.TypedParts": {
        "type": "Transitive",
        "resolved": "9.0.0",
        "contentHash": "aRZlojCCGEHDKqh43jaDgaVpYETsgd7Nx4g1zwLKMtv4iTo0627715ajEFNpEEBTgLmvZuv8K0EVxc3sM4NWJA==",
        "dependencies": {
          "System.Composition.AttributedModel": "9.0.0",
          "System.Composition.Hosting": "9.0.0",
          "System.Composition.Runtime": "9.0.0"
        }
      },
      "atria.common": {
        "type": "Project",
        "dependencies": {
          "Atria.Contracts": "[1.0.0, )",
          "Mapster": "[7.4.0, )",
          "Mapster.DependencyInjection": "[1.0.1, )",
          "Microsoft.AspNetCore.OData": "[9.4.1, )",
          "NATS.Client.Core": "[2.7.3, )",
          "NATS.Client.JetStream": "[2.7.3, )",
          "NATS.Client.KeyValueStore": "[2.7.3, )",
          "NATS.Net": "[2.7.3, )",
          "Newtonsoft.Json": "[13.0.4, )"
        }
      },
      "atria.contracts": {
        "type": "Project",
        "dependencies": {
          "Mapster": "[7.4.0, )",
          "Nethereum.RPC": "[6.0.1, )"
        }
      },
      "Mapster": {
        "type": "CentralTransitive",
        "requested": "[7.4.0, )",
        "resolved": "7.4.0",
        "contentHash": "RYGoDqvS4WTKIq0HDyPBBVIj6N0mluOCXQ1Vk95JKseMHEsbCXSEGKSlP95oL+s42IXAXbqvHj7p0YaRBUcfqg==",
        "dependencies": {
          "Mapster.Core": "1.2.1"
        }
      },
      "Mapster.DependencyInjection": {
        "type": "CentralTransitive",
        "requested": "[1.0.1, )",
        "resolved": "1.0.1",
        "contentHash": "LfjnRIwx6WAo3ssq8PFeaHFaUz00BfSG9BhWgXsiDa3H5lDhG0lpMGDF6w2ZnooS4eHYmAv4f77VxmzpvgorNg==",
        "dependencies": {
          "Mapster": "7.4.0",
          "Microsoft.Extensions.DependencyInjection.Abstractions": "6.0.0"
        }
      },
      "Microsoft.AspNetCore.OData": {
        "type": "CentralTransitive",
        "requested": "[9.4.1, )",
        "resolved": "9.4.1",
        "contentHash": "PXyuPnC7p3ic5sgO9ydNqpKd+hXRMErGXfBPeptTWjXfdBWec97cv1fDFLiCKR1Wm4LeG4Yjcap+xk7XNdfsNw==",
        "dependencies": {
          "Microsoft.OData.Core": "[8.4.0, 9.0.0)",
          "Microsoft.OData.Edm": "[8.4.0, 9.0.0)",
          "Microsoft.OData.ModelBuilder": "[2.0.0, 3.0.0)",
          "Microsoft.Spatial": "[8.4.0, 9.0.0)"
        }
      },
      "Microsoft.EntityFrameworkCore": {
        "type": "CentralTransitive",
        "requested": "[10.0.5, )",
        "resolved": "10.0.5",
        "contentHash": "9tNBmK3EpYVGRQLiqP+bqK2m+TD0Gv//4vCzR7ZOgl4FWzCFyOpYdIVka13M4kcBdPdSJcs3wbHr3rmzOqbIMA==",
        "dependencies": {
          "Microsoft.EntityFrameworkCore.Abstractions": "10.0.5",
          "Microsoft.EntityFrameworkCore.Analyzers": "10.0.5",
          "Microsoft.Extensions.Caching.Memory": "10.0.5",
          "Microsoft.Extensions.Logging": "10.0.5"
        }
      },
      "Microsoft.EntityFrameworkCore.Relational": {
        "type": "CentralTransitive",
        "requested": "[10.0.5, )",
        "resolved": "10.0.5",
        "contentHash": "uxmFjZEAB/KbsgWFSS4lLqkEHCfXxB2x0UcbiO4e5fCRpFFeTMSx/me6009nYJLu5IKlDwO1POh++P6RilFTDw==",
        "dependencies": {
          "Microsoft.EntityFrameworkCore": "10.0.5",
          "Microsoft.Extensions.Caching.Memory": "10.0.5",
          "Microsoft.Extensions.Configuration.Abstractions": "10.0.5",
          "Microsoft.Extensions.Logging": "10.0.5"
        }
      },
      "Microsoft.Extensions.DependencyInjection": {
        "type": "CentralTransitive",
        "requested": "[10.0.5, )",
        "resolved": "10.0.5",
        "contentHash": "v1SVsowG6YE1YnHVGmLWz57YTRCQRx9pH5ebIESXfm5isI9gA3QaMyg/oMTzPpXYZwSAVDzYItGJKfmV+pqXkQ==",
        "dependencies": {
          "Microsoft.Extensions.DependencyInjection.Abstractions": "10.0.5"
        }
      },
      "Microsoft.Extensions.DependencyInjection.Abstractions": {
        "type": "CentralTransitive",
        "requested": "[10.0.5, )",
        "resolved": "10.0.5",
        "contentHash": "iVMtq9eRvzyhx8949EGT0OCYJfXi737SbRVzWXE5GrOgGj5AaZ9eUuxA/BSUfmOMALKn/g8KfFaNQw0eiB3lyA=="
      },
      "Microsoft.Extensions.Hosting.Abstractions": {
        "type": "CentralTransitive",
        "requested": "[10.0.5, )",
        "resolved": "10.0.5",
        "contentHash": "+Wb7KAMVZTomwJkQrjuPTe5KBzGod7N8XeG+ScxRlkPOB4sZLG4ccVwjV4Phk5BCJt7uIMnGHVoN6ZMVploX+g==",
        "dependencies": {
          "Microsoft.Extensions.Configuration.Abstractions": "10.0.5",
          "Microsoft.Extensions.DependencyInjection.Abstractions": "10.0.5",
          "Microsoft.Extensions.Diagnostics.Abstractions": "10.0.5",
          "Microsoft.Extensions.FileProviders.Abstractions": "10.0.5",
          "Microsoft.Extensions.Logging.Abstractions": "10.0.5"
        }
      },
      "Microsoft.Extensions.Logging": {
        "type": "CentralTransitive",
        "requested": "[10.0.5, )",
        "resolved": "10.0.5",
        "contentHash": "+XTMKQyDWg4ODoNHU/BN3BaI1jhGO7VCS+BnzT/4IauiG6y2iPAte7MyD7rHKS+hNP0TkFkjrae8DFjDUxtcxg==",
        "dependencies": {
          "Microsoft.Extensions.DependencyInjection": "10.0.5",
          "Microsoft.Extensions.Logging.Abstractions": "10.0.5",
          "Microsoft.Extensions.Options": "10.0.5"
        }
      },
      "Microsoft.Extensions.Options": {
        "type": "CentralTransitive",
        "requested": "[10.0.5, )",
        "resolved": "10.0.5",
        "contentHash": "MDaQMdUplw0AIRhWWmbLA7yQEXaLIHb+9CTroTiNS8OlI0LMXS4LCxtopqauiqGCWlRgJ+xyraVD8t6veRAFbw==",
        "dependencies": {
          "Microsoft.Extensions.DependencyInjection.Abstractions": "10.0.5",
          "Microsoft.Extensions.Primitives": "10.0.5"
        }
      },
      "Microsoft.OData.Core": {
        "type": "CentralTransitive",
        "requested": "[8.4.3, )",
        "resolved": "8.4.3",
        "contentHash": "xI2DdNBDVSZ0wzBhtmNJt3j3u8RzLN8Zb4atDybm+nesnKgp+bsIaGG34ka9s3hIHTZphf+iH3r26nT022Ifgw==",
        "dependencies": {
          "Microsoft.Bcl.AsyncInterfaces": "8.0.0",
          "Microsoft.Extensions.ObjectPool": "6.0.3",
          "Microsoft.OData.Edm": "[8.4.3]",
          "Microsoft.Spatial": "[8.4.3]"
        }
      },
      "NATS.Client.Core": {
        "type": "CentralTransitive",
        "requested": "[2.7.3, )",
        "resolved": "2.7.3",
        "contentHash": "zPv+h8lnN/DLrqGeIMo0KYfw6FEtO4orEQUJ9NCLk7hPZgNFugXtm+SwWjheUis2m4sf9PsgOP2JS8Ejj1+xzQ==",
        "dependencies": {
          "Microsoft.Extensions.Logging.Abstractions": "6.0.1",
          "Microsoft.Extensions.Primitives": "6.0.0",
          "NATS.Client.Abstractions": "2.7.3"
        }
      },
      "NATS.Client.JetStream": {
        "type": "CentralTransitive",
        "requested": "[2.7.3, )",
        "resolved": "2.7.3",
        "contentHash": "BNC+o0aUoJcy2YeEBdTr3RXjO7PCysQiltLQ6P3soZzK/DmjUUFnvTHxoWBlR1L7+nOhxfAZ0Ja/JiyPFMe8yQ==",
        "dependencies": {
          "NATS.Client.Core": "2.7.3"
        }
      },
      "NATS.Client.KeyValueStore": {
        "type": "CentralTransitive",
        "requested": "[2.7.3, )",
        "resolved": "2.7.3",
        "contentHash": "6J87y93b8CeyWfJjXN+sGlMPHOg07XQgj+UWjbkJ598lAVBMSj+BJkvd5ValcEgKThiJDrHLvT5hr0Hjdsfwug==",
        "dependencies": {
          "NATS.Client.JetStream": "2.7.3"
        }
      },
      "NATS.Net": {
        "type": "CentralTransitive",
        "requested": "[2.7.3, )",
        "resolved": "2.7.3",
        "contentHash": "UtXlpggCWk72t7pZrAMeGSWP7ZyPyEvLfnCMMTwgT/TTUbRYdJPssDbBIQl2qyZy2LiweRhPAiIt1tbsIoS0EQ==",
        "dependencies": {
          "NATS.Client.Core": "2.7.3",
          "NATS.Client.Hosting": "2.7.3",
          "NATS.Client.JetStream": "2.7.3",
          "NATS.Client.KeyValueStore": "2.7.3",
          "NATS.Client.ObjectStore": "2.7.3",
          "NATS.Client.Serializers.Json": "2.7.3",
          "NATS.Client.Services": "2.7.3",
          "NATS.Client.Simplified": "2.7.3"
        }
      },
      "Nethereum.JsonRpc.Client": {
        "type": "CentralTransitive",
        "requested": "[6.0.1, )",
        "resolved": "6.0.1",
        "contentHash": "8og4OLFpPOihIMPGY/ZyiScj6vb3c+OeIdT7FO5J7TOfb/uGOmMAjuq6O+76RhLLhxDPnU59wIiByXgq35zclg==",
        "dependencies": {
          "Microsoft.Extensions.Logging.Abstractions": "6.0.0",
          "Nethereum.Hex": "6.0.1",
          "Newtonsoft.Json": "[11.0.2, 14.0.0)"
        }
      },
      "Nethereum.RPC": {
        "type": "CentralTransitive",
        "requested": "[6.0.1, )",
        "resolved": "6.0.1",
        "contentHash": "2KMQhhNIwczMY1UCPwSyYykBLuuhi4MQHx6hdKd4urPhsmHfk2VjklaWwB8JmePKav7pvHovVSh1BWblwDaTwA==",
        "dependencies": {
          "Nethereum.Hex": "6.0.1",
          "Nethereum.JsonRpc.Client": "6.0.1",
          "Nethereum.Merkle.Patricia": "6.0.1",
          "Nethereum.Model": "6.0.1",
          "Nethereum.Util": "6.0.1",
          "Newtonsoft.Json": "[11.0.2, 14.0.0)"
        }
      },
      "Newtonsoft.Json": {
        "type": "CentralTransitive",
        "requested": "[13.0.4, )",
        "resolved": "13.0.4",
        "contentHash": "pdgNNMai3zv51W5aq268sujXUyx7SNdE2bj1wZcWjAQrKMFZV260lbqYop1d2GM67JI1huLRwxo9ZqnfF/lC6A=="
      }
    }
  }
}