{
  "version": 2,
  "dependencies": {
    "net10.0": {
      "StyleCop.Analyzers": {
        "type": "Direct",
        "requested": "[1.1.118, )",
        "resolved": "1.1.118",
        "contentHash": "Onx6ovGSqXSK07n/0eM3ZusiNdB6cIlJdabQhWGgJp3Vooy9AaLS/tigeybOJAobqbtggTamoWndz72JscZBvw=="
      },
      "Asp.Versioning.Abstractions": {
        "type": "Transitive",
        "resolved": "10.0.0",
        "contentHash": "cMRE5nvNMfBgfkb0XFWst/7UtyXCjoAXnV0L4Scx4P9fcf0idgrj1Z0c+3ylsy01K4cOib7dKhCBfpg5z3r0Kg=="
      },
      "Asp.Versioning.Http": {
        "type": "Transitive",
        "resolved": "10.0.0",
        "contentHash": "xmNm9FM2d20NKy7i1osEQysf7pJ4iJjWnM6e8CoeIhUREqG8nugsfC82pGpmzlatjAJL5T52ieSpyW+GFdSsSQ==",
        "dependencies": {
          "Asp.Versioning.Abstractions": "10.0.0"
        }
      },
      "Asp.Versioning.Mvc": {
        "type": "Transitive",
        "resolved": "10.0.0",
        "contentHash": "W0wZ+0uZ0UK4KstjvEkNBZ0xxhBmxunwNg8582SVyyW7txQmSXibtm8fC4o82LaemPquYskms67bIbJOSrnlug==",
        "dependencies": {
          "Asp.Versioning.Http": "10.0.0"
        }
      },
      "Google.Protobuf": {
        "type": "Transitive",
        "resolved": "3.30.1",
        "contentHash": "HeWXDQBabQn/sCGicbeLJ0HMunknfC4FdLrOQOsaMJHcpqx3HVIpyyJqTrqJlWnza870twhOb+rBcaTiC/TlNA=="
      },
      "Grpc.Core.Api": {
        "type": "Transitive",
        "resolved": "2.70.0",
        "contentHash": "66UotvWcSIq41oiQhLWcQACyKPM4umxXNiht5DQTLZJfNwEswWOcS7Z0xIEHyNIBE7ZpjotH22bEjTkvhPxmVw=="
      },
      "Grpc.Net.Client": {
        "type": "Transitive",
        "resolved": "2.70.0",
        "contentHash": "xNv0FFCVJa5S1beUtye82WFCxKThuE1jbN8DO1x1Rj8VSIWXLBUmfSID5a1fGzsU2R/EMfwPoWclJ2RMfQuGXw==",
        "dependencies": {
          "Grpc.Net.Common": "2.70.0"
        }
      },
      "Grpc.Net.Common": {
        "type": "Transitive",
        "resolved": "2.70.0",
        "contentHash": "rBdEUMyCwa+iB8mqC6JKyPbj3SBHHkReJj/yy/XKJI63GcG6w9DJMMGTVcYHqq4Ci2W4m0HT4jt2pFfFscar8g==",
        "dependencies": {
          "Grpc.Core.Api": "2.70.0"
        }
      },
      "Mapster.Core": {
        "type": "Transitive",
        "resolved": "10.0.11",
        "contentHash": "vpChY4hsk+CvIR3AFN/uQJkkP6gwYSUZFnuqgWBiTTbThbFEnB6chP7QUoSWZBcuPAnOjol09Ev7F1PVwECAIg=="
      },
      "Microsoft.AspNetCore.JsonPatch": {
        "type": "Transitive",
        "resolved": "10.0.10",
        "contentHash": "sNPvgAoV/IsK4fS2gYDAqvbK5kMQPCU8h7WjOjxS1f4/0+bGnnZbTJ0ceM8jvMcUanDoNpYRFf+7UDb+s3P1ag==",
        "dependencies": {
          "Newtonsoft.Json": "13.0.3"
        }
      },
      "Microsoft.Bcl.AsyncInterfaces": {
        "type": "Transitive",
        "resolved": "8.0.0",
        "contentHash": "3WA9q9yVqJp222P3x1wYIGDAkpjAku0TMUaaQV22g6L67AI0LdOIrVS7Ht2vJfLHGSPVuqN94vIr15qn+HEkHw=="
      },
      "Microsoft.Extensions.ApiDescription.Server": {
        "type": "Transitive",
        "resolved": "10.0.0",
        "contentHash": "NCWCGiwRwje8773yzPQhvucYnnfeR+ZoB1VRIrIMp4uaeUNw7jvEPHij3HIbwCDuNCrNcphA00KSAR9yD9qmbg=="
      },
      "Microsoft.Extensions.DependencyModel": {
        "type": "Transitive",
        "resolved": "10.0.0",
        "contentHash": "RFYJR7APio/BiqdQunRq6DB+nDB6nc2qhHr77mlvZ0q0BT8PubMXN7XicmfzCbrDE/dzhBnUKBRXLTcqUiZDGg=="
      },
      "Microsoft.OData.Edm": {
        "type": "Transitive",
        "resolved": "8.4.4",
        "contentHash": "OLMh5aGhR9sxK9LU7C/V7Hixl0/Ci0+LpPK/ne5p9MljPG0ZsrANQ4xASewdCHgFq9cDrSjIqwlRKjSHSK3fEg=="
      },
      "Microsoft.OData.ModelBuilder": {
        "type": "Transitive",
        "resolved": "2.0.0",
        "contentHash": "QzySAMGhLCMyLNHSTIYKFjJXetoDeGkRS/7JEjm7eMJlyu1Qv4MfL1CXQFg2uijizNu2jQojT0mdCpawXbyv8Q==",
        "dependencies": {
          "Microsoft.OData.Edm": "[8.0.0, 9.0.0)",
          "Microsoft.Spatial": "[8.0.0, 9.0.0)",
          "System.ComponentModel.Annotations": "4.6.0"
        }
      },
      "Microsoft.OpenApi": {
        "type": "Transitive",
        "resolved": "2.7.5",
        "contentHash": "0FA67RSnRM4tcBKqiqVu/HPdZ9+QOKbmeRjxRUGTCjPU4C0bmUhd97Dso7Yild5P7nOV6GxJ2xrK0Kv/O9xp0w=="
      },
      "Microsoft.Spatial": {
        "type": "Transitive",
        "resolved": "8.4.4",
        "contentHash": "H1TmIxAU5l9UGkdogNyMl36rLky6LaX5L99DOZCNX2PDL52zi26nyNF/AOxEjrE8cOn6mpi/VIdmHxHK4KNHXw=="
      },
      "NATS.Client.Abstractions": {
        "type": "Transitive",
        "resolved": "3.0.1",
        "contentHash": "uqpvjqHhlHIfuqtucpSanjZZ0XZV7enjPYxOxTW8BRE0epqGLEKlwb2990yH82QSuMreR+y04IhfgY0pjDxZ4A=="
      },
      "NATS.Client.Hosting": {
        "type": "Transitive",
        "resolved": "3.0.1",
        "contentHash": "0nhUB7/3YD26LDPKjTYLLv+FmMmdYp5mHX84ZDqXuQJLsgs6PIoqeG0ZCN8mkHoi8aq0Lyv6i7o02ILyMZGxoA==",
        "dependencies": {
          "NATS.Client.Core": "3.0.1"
        }
      },
      "NATS.Client.ObjectStore": {
        "type": "Transitive",
        "resolved": "3.0.1",
        "contentHash": "Blv7piRaXE2ovf4kOiTG0guyzWKC/YaZkwnQCUFXbNDq0jT+TmERS4uFirNl8Zmy7HZeeo8C2ZxvmhatiXWSNA==",
        "dependencies": {
          "NATS.Client.JetStream": "3.0.1"
        }
      },
      "NATS.Client.Serializers.Json": {
        "type": "Transitive",
        "resolved": "3.0.1",
        "contentHash": "JSZKXk35vqKjxyYhr9eJzzKPJ8wNVu4UwOtA/ZJHKAXaqfcFSZROJkYTK9dsVbWBtoBa8pRa2wsDnf4JuR0OYQ==",
        "dependencies": {
          "NATS.Client.Abstractions": "3.0.1"
        }
      },
      "NATS.Client.Services": {
        "type": "Transitive",
        "resolved": "3.0.1",
        "contentHash": "Ra3RwF/RD7BPvxv0E4Sl9PZChMu9gFaTx3aGVvaFvqYb1xXXw/uOkWCxpYZEqui261eQxMsa8lapT+TLRJDCVA==",
        "dependencies": {
          "NATS.Client.Core": "3.0.1"
        }
      },
      "NATS.Client.Simplified": {
        "type": "Transitive",
        "resolved": "3.0.1",
        "contentHash": "Iu3/mqGpFqMrAWVxrFdkHV6dR8HYDxyIGbio+JRiX1f02aYu1C24e7X9+HOP7vlFqmrwQMQTEzPWyQjyFL4cyw==",
        "dependencies": {
          "NATS.Client.Core": "3.0.1",
          "NATS.Client.Serializers.Json": "3.0.1"
        }
      },
      "NATS.Extensions.Microsoft.DependencyInjection": {
        "type": "Transitive",
        "resolved": "3.0.1",
        "contentHash": "FNdg0BmE9IMpuXoJjEh+EXTGL0r7EXAYZk5Z5JSfIpIv2/BYiuWdOsGVXExzlpXtqxK2LVRncYS+7elCcVOYvg==",
        "dependencies": {
          "NATS.Client.Simplified": "3.0.1"
        }
      },
      "NATS.NKeys": {
        "type": "Transitive",
        "resolved": "1.0.1",
        "contentHash": "xtURX0fexmMd10noG3Uc8gFgwaH7QLQxxgdaVoQKFo0+8a4blwe8vPGgY2S5pzeVYcRXyjlIoA4AR4JgtThyjQ=="
      },
      "Nethereum.Hex": {
        "type": "Transitive",
        "resolved": "6.1.0",
        "contentHash": "GdXoJK9rzlCbpuurwcXiA8zHpH4aUR0tEhxuz1+5ZjbJNgUTFvDyAo0RdymeKXnIpxF5Y6rV7Cj+FjCISPNdbQ==",
        "dependencies": {
          "Newtonsoft.Json": "[11.0.2, 14.0.0)"
        }
      },
      "Nethereum.Merkle.Patricia": {
        "type": "Transitive",
        "resolved": "6.1.0",
        "contentHash": "u4o4XXZL0YXfrilrL42l39Fs45KsicT6/as11mOCPJLV9fkGWwbsJCYiAxcg9UMRo8wrEgslkfogWKSl2BaucQ==",
        "dependencies": {
          "Nethereum.Model": "6.1.0",
          "Nethereum.RLP": "6.1.0",
          "Newtonsoft.Json": "[11.0.2, 14.0.0)"
        }
      },
      "Nethereum.Model": {
        "type": "Transitive",
        "resolved": "6.1.0",
        "contentHash": "b/L11bxk98M/2qdMFMeMnvKWMSc8dlULhRHzXPfetW3pl+N8miBN2RMgLCXUvoaAZ3i2TCw3iJRw6RWPug6kIQ==",
        "dependencies": {
          "Nethereum.RLP": "6.1.0",
          "Nethereum.Util": "6.1.0",
          "Newtonsoft.Json": "[11.0.2, 14.0.0)"
        }
      },
      "Nethereum.RLP": {
        "type": "Transitive",
        "resolved": "6.1.0",
        "contentHash": "YqruGIsCHitMFh0OmvoRpPQOUlku81GpE5eI4fP7H4kSg+ty3+K/TXh8fXzmyljs75qQbv/Ss0bHxFDiopV51w==",
        "dependencies": {
          "Nethereum.Hex": "6.1.0",
          "Newtonsoft.Json": "[11.0.2, 14.0.0)"
        }
      },
      "Nethereum.Util": {
        "type": "Transitive",
        "resolved": "6.1.0",
        "contentHash": "v1CLFG/p/pSyaZeYLO7x+bToBkfVRWnxmmyX3FRgATStxtbMGjV71RSuDIVmdeIEYKgxlGuPBZkjswUUynNtIg==",
        "dependencies": {
          "Nethereum.Hex": "6.1.0",
          "Nethereum.RLP": "6.1.0",
          "Newtonsoft.Json": "[11.0.2, 14.0.0)"
        }
      },
      "Newtonsoft.Json.Bson": {
        "type": "Transitive",
        "resolved": "1.0.2",
        "contentHash": "QYFyxhaABwmq3p/21VrZNYvCg3DaEoN/wUuw5nmfAf0X3HLjgupwhkEWdgfb9nvGAUIv3osmZoD3kKl4jxEmYQ==",
        "dependencies": {
          "Newtonsoft.Json": "12.0.1"
        }
      },
      "OpenTelemetry": {
        "type": "Transitive",
        "resolved": "1.17.0",
        "contentHash": "rMLOTftlMlTm7+MSrvXDHnJRjVkROFNKXHZrYjOsX+LankaFG7QSflx7qRRGjoqZoirohnxmJQ7GEb9occO4Gg==",
        "dependencies": {
          "OpenTelemetry.Api.ProviderBuilderExtensions": "1.17.0"
        }
      },
      "OpenTelemetry.Api": {
        "type": "Transitive",
        "resolved": "1.17.0",
        "contentHash": "mSBxzomZgHIJu9CyVNqyDu/n2JHEtqVgfcCD1Br0cV5iLYogjZOMqhlVLt99PEp+0KGBNUR3GXgeOdN2GR3F9g=="
      },
      "OpenTelemetry.Api.ProviderBuilderExtensions": {
        "type": "Transitive",
        "resolved": "1.17.0",
        "contentHash": "Xgc3Qf9B9TFMFpx6exTdGqMWuYIT2miNzkdMPutVvT9YuMFaEovXWke1Gb6z8NxYaQbbGF38vYLuSg1JCeui5Q==",
        "dependencies": {
          "OpenTelemetry.Api": "1.17.0"
        }
      },
      "Serilog.Extensions.Logging": {
        "type": "Transitive",
        "resolved": "10.0.0",
        "contentHash": "vx0kABKl2dWbBhhqAfTOk53/i8aV/5VaT3a6il9gn72Wqs2pM7EK2OB6No6xdqK2IaY6Zf9gdjLuK9BVa2rT+Q==",
        "dependencies": {
          "Serilog": "4.2.0"
        }
      },
      "System.ComponentModel.Annotations": {
        "type": "Transitive",
        "resolved": "4.6.0",
        "contentHash": "pOd+UhZ3X8xfwKDlgAzowUJNjp8VYVmOHZm++vCd0kq1HZ0zK3mNo2yRXjYgv7Ik/Xi43fmJfND2PLEsQSALCg=="
      },
      "atria.common": {
        "type": "Project",
        "dependencies": {
          "Atria.Contracts": "[1.0.0, )",
          "Mapster": "[10.0.11, )",
          "Mapster.DependencyInjection": "[10.0.11, )",
          "Microsoft.AspNetCore.OData": "[9.5.0, )",
          "NATS.Net": "[3.0.1, )",
          "Newtonsoft.Json": "[13.0.4, )"
        }
      },
      "atria.common.web": {
        "type": "Project",
        "dependencies": {
          "Asp.Versioning.Mvc.ApiExplorer": "[10.0.0, )",
          "Atria.Common": "[1.0.0, )",
          "Microsoft.AspNetCore.Mvc.NewtonsoftJson": "[10.0.10, )",
          "Microsoft.AspNetCore.OData.NewtonsoftJson": "[8.2.0, )",
          "Microsoft.AspNetCore.OpenApi": "[10.0.10, )",
          "OpenTelemetry.Exporter.OpenTelemetryProtocol": "[1.17.0, )",
          "OpenTelemetry.Extensions.Hosting": "[1.17.0, )",
          "OpenTelemetry.Instrumentation.AspNetCore": "[1.17.0, )",
          "OpenTelemetry.Instrumentation.Http": "[1.17.0, )",
          "OpenTelemetry.Instrumentation.Runtime": "[1.17.0, )",
          "Serilog": "[4.4.0, )",
          "Serilog.Extensions.Hosting": "[10.0.0, )",
          "Serilog.Settings.Configuration": "[10.0.1, )",
          "Serilog.Sinks.Console": "[6.1.1, )",
          "Serilog.Sinks.OpenTelemetry": "[4.2.0, )",
          "Swashbuckle.AspNetCore": "[10.2.3, )",
          "Swashbuckle.AspNetCore.Newtonsoft": "[10.2.3, )",
          "Swashbuckle.AspNetCore.Swagger": "[10.2.3, )",
          "Swashbuckle.AspNetCore.SwaggerGen": "[10.2.3, )",
          "Swashbuckle.AspNetCore.SwaggerUI": "[10.2.3, )"
        }
      },
      "atria.common.worker": {
        "type": "Project",
        "dependencies": {
          "Atria.Common": "[1.0.0, )"
        }
      },
      "atria.contracts": {
        "type": "Project",
        "dependencies": {
          "Mapster": "[10.0.11, )",
          "Nethereum.RPC": "[6.1.0, )"
        }
      },
      "atria.pipeline": {
        "type": "Project",
        "dependencies": {
          "Atria.Common": "[1.0.0, )",
          "Atria.Contracts": "[1.0.0, )",
          "NATS.Client.Core": "[3.0.1, )",
          "NATS.Client.JetStream": "[3.0.1, )",
          "NATS.Client.KeyValueStore": "[3.0.1, )"
        }
      },
      "Asp.Versioning.Mvc.ApiExplorer": {
        "type": "CentralTransitive",
        "requested": "[10.0.0, )",
        "resolved": "10.0.0",
        "contentHash": "H54UOpRoc4RmhQ4RA2lzDz43a/hAu/JN19Yyy/DNmH4XlRxhemfhifJyh9BaXNJOtGa2Dnu2xEeP4VSiTdUdAg==",
        "dependencies": {
          "Asp.Versioning.Mvc": "10.0.0"
        }
      },
      "Mapster": {
        "type": "CentralTransitive",
        "requested": "[10.0.11, )",
        "resolved": "10.0.11",
        "contentHash": "MesrjeIg4lyaxJKVFHysc1GH4TooIuuY/RJRCgBPoFwDD3D1tngF362cKBkxhxR/8EhpfMfGLeU4nzCEz6hPaQ==",
        "dependencies": {
          "Mapster.Core": "10.0.11"
        }
      },
      "Mapster.DependencyInjection": {
        "type": "CentralTransitive",
        "requested": "[10.0.11, )",
        "resolved": "10.0.11",
        "contentHash": "rdvpA2xSZ8Eyd3hGedz/23oXl07tM+cmPgxlWOOAnAX1LmRl42qtbpu8LFCOEq5Hh66MjdIEg5rj4+HcajTO6w==",
        "dependencies": {
          "Mapster": "10.0.11"
        }
      },
      "Microsoft.AspNetCore.Mvc.NewtonsoftJson": {
        "type": "CentralTransitive",
        "requested": "[10.0.10, )",
        "resolved": "10.0.10",
        "contentHash": "BuigyKPrvORCHyU8Vna7eQMQg6hDNqRQyFGCEa0+QJ8pLL5xcgNpLzaD1eom54Oaxb4mHnPs8MaPKejNL9lTKA==",
        "dependencies": {
          "Microsoft.AspNetCore.JsonPatch": "10.0.10",
          "Newtonsoft.Json": "13.0.3",
          "Newtonsoft.Json.Bson": "1.0.2"
        }
      },
      "Microsoft.AspNetCore.OData": {
        "type": "CentralTransitive",
        "requested": "[9.5.0, )",
        "resolved": "9.5.0",
        "contentHash": "e2Ua+NRq8/8RXlCw6Jzf9XSBYH3cs6W6eykvNGc7zBRcTGcc1QvfbN3mQW9ft6ioFFOvsFnfl1OcluXVE2AtAw==",
        "dependencies": {
          "Microsoft.OData.Core": "[8.4.0, 9.0.0)",
          "Microsoft.OData.Edm": "[8.4.0, 9.0.0)",
          "Microsoft.OData.ModelBuilder": "[2.0.0, 3.0.0)",
          "Microsoft.Spatial": "[8.4.0, 9.0.0)"
        }
      },
      "Microsoft.AspNetCore.OData.NewtonsoftJson": {
        "type": "CentralTransitive",
        "requested": "[8.2.0, )",
        "resolved": "8.2.0",
        "contentHash": "KjPcGIM9Y4OksvoHc/Bfm26KjBxIOWrlBtAgnFNSwvXlwYrW6T5bYG2WPcc0VxnxpE/VfrwwHFDujPn6R4PKuw==",
        "dependencies": {
          "Microsoft.AspNetCore.OData": "8.2.0"
        }
      },
      "Microsoft.AspNetCore.OpenApi": {
        "type": "CentralTransitive",
        "requested": "[10.0.10, )",
        "resolved": "10.0.10",
        "contentHash": "d4Atx9IHq7JgX0F/h7Db+m9zAUzC+cKdI9k+OWnnyQIOUQtfvjIEuhvbjPigVMkAmPUgCbJ8Yp6M9ghUqHtJSQ==",
        "dependencies": {
          "Microsoft.OpenApi": "2.0.0"
        }
      },
      "Microsoft.OData.Core": {
        "type": "CentralTransitive",
        "requested": "[8.4.4, )",
        "resolved": "8.4.4",
        "contentHash": "YIOphg9lAr42uanfPTOetqo+WqWDvkgfTbDl3JuPwctpmVRdcjvu3p7MNtyZUSh7URJb0+BkYRxCrFOao1oGoA==",
        "dependencies": {
          "Microsoft.Bcl.AsyncInterfaces": "8.0.0",
          "Microsoft.OData.Edm": "[8.4.4]",
          "Microsoft.Spatial": "[8.4.4]"
        }
      },
      "NATS.Client.Core": {
        "type": "CentralTransitive",
        "requested": "[3.0.1, )",
        "resolved": "3.0.1",
        "contentHash": "QmBnIttS2cYof+13NYuPoJdymkzJCQWNftTGv2fwy2rGLFsBVkhpv1Lej2kXhdOdVic8gaaZsx7S3J8c1Ye/xA==",
        "dependencies": {
          "NATS.Client.Abstractions": "3.0.1",
          "NATS.NKeys": "1.0.1"
        }
      },
      "NATS.Client.JetStream": {
        "type": "CentralTransitive",
        "requested": "[3.0.1, )",
        "resolved": "3.0.1",
        "contentHash": "pFwXvBBcPCxpItN8PfqYWjl8kYhkqrQwncAA1A8NuJiawo+DQHdUEQJ2e+y5k9b7e62ZOUdY1fGpgyjP04k0ng==",
        "dependencies": {
          "NATS.Client.Core": "3.0.1"
        }
      },
      "NATS.Client.KeyValueStore": {
        "type": "CentralTransitive",
        "requested": "[3.0.1, )",
        "resolved": "3.0.1",
        "contentHash": "jvRdbF9qhxOYQmRRqddOUoAMwcABMEYdRneRe8aIhFGymcjockex3gGTXracYjaOZQFhS57ZpP+M1GFxgYr+tA==",
        "dependencies": {
          "NATS.Client.JetStream": "3.0.1"
        }
      },
      "NATS.Net": {
        "type": "CentralTransitive",
        "requested": "[3.0.1, )",
        "resolved": "3.0.1",
        "contentHash": "EMVo1u6WlaG5i5ncTdh6ez55TCgcgG4M7G2mXMa3KUKf0aDEYl3RZ0NTYwxlXKgZzVf0bboaM27KEylw8SMZ6w==",
        "dependencies": {
          "NATS.Client.Core": "3.0.1",
          "NATS.Client.Hosting": "3.0.1",
          "NATS.Client.JetStream": "3.0.1",
          "NATS.Client.KeyValueStore": "3.0.1",
          "NATS.Client.ObjectStore": "3.0.1",
          "NATS.Client.Serializers.Json": "3.0.1",
          "NATS.Client.Services": "3.0.1",
          "NATS.Client.Simplified": "3.0.1",
          "NATS.Extensions.Microsoft.DependencyInjection": "3.0.1"
        }
      },
      "Nethereum.JsonRpc.Client": {
        "type": "CentralTransitive",
        "requested": "[6.1.0, )",
        "resolved": "6.1.0",
        "contentHash": "HQPnxPDL8ZddHjrMjJ3nytkRSNXpRd+5hcgEkuidOqb2wHX6zSjcUgOrtGq5qTSQ0lURp/1V3OQmpHM3pgRoFA==",
        "dependencies": {
          "Nethereum.Hex": "6.1.0",
          "Newtonsoft.Json": "[11.0.2, 14.0.0)"
        }
      },
      "Nethereum.RPC": {
        "type": "CentralTransitive",
        "requested": "[6.1.0, )",
        "resolved": "6.1.0",
        "contentHash": "Pd/h5RviEAORJvuvaBXBqKM6Hy8MDFXvAvIH1r7mDvMD6p50YzpBRjvmU7rMKmNrYHQLQpi2QnGbkZPwja7GPA==",
        "dependencies": {
          "Nethereum.Hex": "6.1.0",
          "Nethereum.JsonRpc.Client": "6.1.0",
          "Nethereum.Merkle.Patricia": "6.1.0",
          "Nethereum.Model": "6.1.0",
          "Nethereum.Util": "6.1.0",
          "Newtonsoft.Json": "[11.0.2, 14.0.0)"
        }
      },
      "Newtonsoft.Json": {
        "type": "CentralTransitive",
        "requested": "[13.0.4, )",
        "resolved": "13.0.4",
        "contentHash": "pdgNNMai3zv51W5aq268sujXUyx7SNdE2bj1wZcWjAQrKMFZV260lbqYop1d2GM67JI1huLRwxo9ZqnfF/lC6A=="
      },
      "OpenTelemetry.Exporter.OpenTelemetryProtocol": {
        "type": "CentralTransitive",
        "requested": "[1.17.0, )",
        "resolved": "1.17.0",
        "contentHash": "R1omQOrQpGlS0Cp5UIr/TAiuEA48JrPlgr1NPV5gESiTU7HhWU+ILe2EBSYb1fKdsSavZ7nZkHcUxAzofPqr2A==",
        "dependencies": {
          "OpenTelemetry": "1.17.0"
        }
      },
      "OpenTelemetry.Extensions.Hosting": {
        "type": "CentralTransitive",
        "requested": "[1.17.0, )",
        "resolved": "1.17.0",
        "contentHash": "t1OwL/4qgboGMobYVT+UV5zgWnFqCp4Pw8lcsmzh8m2K8PQsTKkyxrC32tqYTMYny3GOW4q5cltE3dTVzLmRew==",
        "dependencies": {
          "OpenTelemetry": "1.17.0"
        }
      },
      "OpenTelemetry.Instrumentation.AspNetCore": {
        "type": "CentralTransitive",
        "requested": "[1.17.0, )",
        "resolved": "1.17.0",
        "contentHash": "rGbmk1vuy1kvgZmE0ps7Vb99YZvDap6AalrrF60FwnNit1uW/PbeFZj1cpb0T8MPkYmjhBrRJ1/JB6QqXkRjHA==",
        "dependencies": {
          "OpenTelemetry.Api.ProviderBuilderExtensions": "[1.17.0, 2.0.0)"
        }
      },
      "OpenTelemetry.Instrumentation.Http": {
        "type": "CentralTransitive",
        "requested": "[1.17.0, )",
        "resolved": "1.17.0",
        "contentHash": "uTwVtxIJ/xB96wGYTaDsbkJVeCFdUxTwvrlDUn2YJixy0UuKc8DvQMzwKNJMTzNFiiyYO9c40id6tUHTmWs33A==",
        "dependencies": {
          "OpenTelemetry.Api.ProviderBuilderExtensions": "[1.17.0, 2.0.0)"
        }
      },
      "OpenTelemetry.Instrumentation.Runtime": {
        "type": "CentralTransitive",
        "requested": "[1.17.0, )",
        "resolved": "1.17.0",
        "contentHash": "HyYenisDn/xdtyVXdjImsCl+RNC2gq01N0rvSR7tsYAylXR2sxX/YgMsyTajMXA27+r1vB7lNU8cWRhV0fwL+Q==",
        "dependencies": {
          "OpenTelemetry.Api": "[1.17.0, 2.0.0)"
        }
      },
      "Serilog": {
        "type": "CentralTransitive",
        "requested": "[4.4.0, )",
        "resolved": "4.4.0",
        "contentHash": "ZC6Le3rr4TVJJjS4KsQAesxeF1EhW9qcZmmG7eP5Y2G3+gTGkJEUXkq4+tZNPtyp05I0wWOxnIjwtxFweJsObw=="
      },
      "Serilog.Extensions.Hosting": {
        "type": "CentralTransitive",
        "requested": "[10.0.0, )",
        "resolved": "10.0.0",
        "contentHash": "E7juuIc+gzoGxgzFooFgAV8g9BfiSXNKsUok9NmEpyAXg2odkcPsMa/Yo4axkJRlh0se7mkYQ1GXDaBemR+b6w==",
        "dependencies": {
          "Serilog": "4.3.0",
          "Serilog.Extensions.Logging": "10.0.0"
        }
      },
      "Serilog.Settings.Configuration": {
        "type": "CentralTransitive",
        "requested": "[10.0.1, )",
        "resolved": "10.0.1",
        "contentHash": "ayFE7h66mqMqzwfPrzDCMbWU27FdNC2bkCG+jnkeHFZTBRh+yWdr4aa/2WuX7c8RmqxGPMW2UqoJ3fw9hK3QhA==",
        "dependencies": {
          "Microsoft.Extensions.DependencyModel": "10.0.0",
          "Serilog": "4.3.0"
        }
      },
      "Serilog.Sinks.Console": {
        "type": "CentralTransitive",
        "requested": "[6.1.1, )",
        "resolved": "6.1.1",
        "contentHash": "8jbqgjUyZlfCuSTaJk6lOca465OndqOz3KZP6Cryt/IqZYybyBu7GP0fE/AXBzrrQB3EBmQntBFAvMVz1COvAA==",
        "dependencies": {
          "Serilog": "4.0.0"
        }
      },
      "Serilog.Sinks.OpenTelemetry": {
        "type": "CentralTransitive",
        "requested": "[4.2.0, )",
        "resolved": "4.2.0",
        "contentHash": "PzMCyE5G19tjr5IZEi5qg+4UU5QrxBEoBEMu/hhYybTrGKXqUDiSGWKZNUDBgelaVKqLADlsmlJVyKce5SyPrg==",
        "dependencies": {
          "Google.Protobuf": "3.30.1",
          "Grpc.Net.Client": "2.70.0",
          "Serilog": "4.2.0"
        }
      },
      "Swashbuckle.AspNetCore": {
        "type": "CentralTransitive",
        "requested": "[10.2.3, )",
        "resolved": "10.2.3",
        "contentHash": "8KNh1RWvofdU6DVLyBs4Z/OpUMnmf8oNvJQc0QxpwySRbi42bwLfdVMMrXZWANg5U5KQGQq1xW6r/hlcqw99tQ==",
        "dependencies": {
          "Microsoft.Extensions.ApiDescription.Server": "10.0.0",
          "Swashbuckle.AspNetCore.Swagger": "10.2.3",
          "Swashbuckle.AspNetCore.SwaggerGen": "10.2.3",
          "Swashbuckle.AspNetCore.SwaggerUI": "10.2.3"
        }
      },
      "Swashbuckle.AspNetCore.Newtonsoft": {
        "type": "CentralTransitive",
        "requested": "[10.2.3, )",
        "resolved": "10.2.3",
        "contentHash": "J8pjzdBaR8EaxuxmTDROTAlJpvjM6i5RnsWRXYCid75DbIms03g+u9BKDs5GjbseCtFYCGy24/L+GL/hdBuccQ==",
        "dependencies": {
          "Microsoft.AspNetCore.Mvc.NewtonsoftJson": "10.0.0",
          "Swashbuckle.AspNetCore.SwaggerGen": "10.2.3"
        }
      },
      "Swashbuckle.AspNetCore.Swagger": {
        "type": "CentralTransitive",
        "requested": "[10.2.3, )",
        "resolved": "10.2.3",
        "contentHash": "1jUUs3WQnrS0FUtaZPLSy1yYMEwS1zlvDmvQ2/eldPHUANX0LJSLVZecCMgSMdeGiRqeaRrIXLtSz++TCiTMww==",
        "dependencies": {
          "Microsoft.OpenApi": "2.7.5"
        }
      },
      "Swashbuckle.AspNetCore.SwaggerGen": {
        "type": "CentralTransitive",
        "requested": "[10.2.3, )",
        "resolved": "10.2.3",
        "contentHash": "y7t4coDRAeFYChmvlMRiH2OjbiRrm9AVIDgt17fQfs3x9PVAI5PiwWYOhg+4F13R4Q36WDc9lqfoOnNa3tNbGg==",
        "dependencies": {
          "Swashbuckle.AspNetCore.Swagger": "10.2.3"
        }
      },
      "Swashbuckle.AspNetCore.SwaggerUI": {
        "type": "CentralTransitive",
        "requested": "[10.2.3, )",
        "resolved": "10.2.3",
        "contentHash": "nthWONRs/FJ4yyG206g1cC52WEG8EqrjuMWjGdR+5XG7lbjFto6NqcI9EMICgVFom/UivIjUVwI76ZHbHwTPfQ=="
      }
    }
  }
}