{
  "version": 2,
  "dependencies": {
    "net10.0": {
      "Mapster": {
        "type": "Direct",
        "requested": "[10.0.11, )",
        "resolved": "10.0.11",
        "contentHash": "MesrjeIg4lyaxJKVFHysc1GH4TooIuuY/RJRCgBPoFwDD3D1tngF362cKBkxhxR/8EhpfMfGLeU4nzCEz6hPaQ==",
        "dependencies": {
          "Mapster.Core": "10.0.11"
        }
      },
      "Nethereum.RPC": {
        "type": "Direct",
        "requested": "[6.1.0, )",
        "resolved": "6.1.0",
        "contentHash": "Pd/h5RviEAORJvuvaBXBqKM6Hy8MDFXvAvIH1r7mDvMD6p50YzpBRjvmU7rMKmNrYHQLQpi2QnGbkZPwja7GPA==",
        "dependencies": {
          "Nethereum.Hex": "6.1.0",
          "Nethereum.JsonRpc.Client": "6.1.0",
          "Nethereum.Merkle.Patricia": "6.1.0",
          "Nethereum.Model": "6.1.0",
          "Nethereum.Util": "6.1.0",
          "Newtonsoft.Json": "[11.0.2, 14.0.0)"
        }
      },
      "StyleCop.Analyzers": {
        "type": "Direct",
        "requested": "[1.1.118, )",
        "resolved": "1.1.118",
        "contentHash": "Onx6ovGSqXSK07n/0eM3ZusiNdB6cIlJdabQhWGgJp3Vooy9AaLS/tigeybOJAobqbtggTamoWndz72JscZBvw=="
      },
      "Mapster.Core": {
        "type": "Transitive",
        "resolved": "10.0.11",
        "contentHash": "vpChY4hsk+CvIR3AFN/uQJkkP6gwYSUZFnuqgWBiTTbThbFEnB6chP7QUoSWZBcuPAnOjol09Ev7F1PVwECAIg=="
      },
      "Microsoft.Extensions.Logging.Abstractions": {
        "type": "Transitive",
        "resolved": "6.0.0",
        "contentHash": "/HggWBbTwy8TgebGSX5DBZ24ndhzi93sHUBDvP1IxbZD7FDokYzdAr6+vbWGjw2XAfR2EJ1sfKUotpjHnFWPxA=="
      },
      "Nethereum.Hex": {
        "type": "Transitive",
        "resolved": "6.1.0",
        "contentHash": "GdXoJK9rzlCbpuurwcXiA8zHpH4aUR0tEhxuz1+5ZjbJNgUTFvDyAo0RdymeKXnIpxF5Y6rV7Cj+FjCISPNdbQ==",
        "dependencies": {
          "Newtonsoft.Json": "[11.0.2, 14.0.0)"
        }
      },
      "Nethereum.Merkle.Patricia": {
        "type": "Transitive",
        "resolved": "6.1.0",
        "contentHash": "u4o4XXZL0YXfrilrL42l39Fs45KsicT6/as11mOCPJLV9fkGWwbsJCYiAxcg9UMRo8wrEgslkfogWKSl2BaucQ==",
        "dependencies": {
          "Nethereum.Model": "6.1.0",
          "Nethereum.RLP": "6.1.0",
          "Newtonsoft.Json": "[11.0.2, 14.0.0)"
        }
      },
      "Nethereum.Model": {
        "type": "Transitive",
        "resolved": "6.1.0",
        "contentHash": "b/L11bxk98M/2qdMFMeMnvKWMSc8dlULhRHzXPfetW3pl+N8miBN2RMgLCXUvoaAZ3i2TCw3iJRw6RWPug6kIQ==",
        "dependencies": {
          "Nethereum.RLP": "6.1.0",
          "Nethereum.Util": "6.1.0",
          "Newtonsoft.Json": "[11.0.2, 14.0.0)"
        }
      },
      "Nethereum.RLP": {
        "type": "Transitive",
        "resolved": "6.1.0",
        "contentHash": "YqruGIsCHitMFh0OmvoRpPQOUlku81GpE5eI4fP7H4kSg+ty3+K/TXh8fXzmyljs75qQbv/Ss0bHxFDiopV51w==",
        "dependencies": {
          "Nethereum.Hex": "6.1.0",
          "Newtonsoft.Json": "[11.0.2, 14.0.0)"
        }
      },
      "Nethereum.Util": {
        "type": "Transitive",
        "resolved": "6.1.0",
        "contentHash": "v1CLFG/p/pSyaZeYLO7x+bToBkfVRWnxmmyX3FRgATStxtbMGjV71RSuDIVmdeIEYKgxlGuPBZkjswUUynNtIg==",
        "dependencies": {
          "Nethereum.Hex": "6.1.0",
          "Nethereum.RLP": "6.1.0",
          "Newtonsoft.Json": "[11.0.2, 14.0.0)"
        }
      },
      "Nethereum.JsonRpc.Client": {
        "type": "CentralTransitive",
        "requested": "[6.1.0, )",
        "resolved": "6.1.0",
        "contentHash": "HQPnxPDL8ZddHjrMjJ3nytkRSNXpRd+5hcgEkuidOqb2wHX6zSjcUgOrtGq5qTSQ0lURp/1V3OQmpHM3pgRoFA==",
        "dependencies": {
          "Microsoft.Extensions.Logging.Abstractions": "6.0.0",
          "Nethereum.Hex": "6.1.0",
          "Newtonsoft.Json": "[11.0.2, 14.0.0)"
        }
      },
      "Newtonsoft.Json": {
        "type": "CentralTransitive",
        "requested": "[13.0.4, )",
        "resolved": "13.0.4",
        "contentHash": "pdgNNMai3zv51W5aq268sujXUyx7SNdE2bj1wZcWjAQrKMFZV260lbqYop1d2GM67JI1huLRwxo9ZqnfF/lC6A=="
      }
    }
  }
}